// !$*UTF8*$!
{
	archiveVersion = 1;
	classes = {
	};
	objectVersion = 46;
	objects = {

/* Begin PBXBuildFile section */
		OBJ_142 /* Case.swift in Sources */ = {isa = PBXBuildFile; fileRef = OBJ_117 /* Case.swift */; };
		OBJ_143 /* Context.swift in Sources */ = {isa = PBXBuildFile; fileRef = OBJ_118 /* Context.swift */; };
		OBJ_144 /* Expectation.swift in Sources */ = {isa = PBXBuildFile; fileRef = OBJ_119 /* Expectation.swift */; };
		OBJ_145 /* Failure.swift in Sources */ = {isa = PBXBuildFile; fileRef = OBJ_120 /* Failure.swift */; };
		OBJ_146 /* Global.swift in Sources */ = {isa = PBXBuildFile; fileRef = OBJ_121 /* Global.swift */; };
		OBJ_147 /* GlobalContext.swift in Sources */ = {isa = PBXBuildFile; fileRef = OBJ_122 /* GlobalContext.swift */; };
		OBJ_148 /* Reporter.swift in Sources */ = {isa = PBXBuildFile; fileRef = OBJ_123 /* Reporter.swift */; };
		OBJ_149 /* Reporters.swift in Sources */ = {isa = PBXBuildFile; fileRef = OBJ_124 /* Reporters.swift */; };
		OBJ_156 /* ArgumentConvertible.swift in Sources */ = {isa = PBXBuildFile; fileRef = OBJ_107 /* ArgumentConvertible.swift */; };
		OBJ_157 /* ArgumentDescription.swift in Sources */ = {isa = PBXBuildFile; fileRef = OBJ_108 /* ArgumentDescription.swift */; };
		OBJ_158 /* ArgumentParser.swift in Sources */ = {isa = PBXBuildFile; fileRef = OBJ_109 /* ArgumentParser.swift */; };
		OBJ_159 /* Command.swift in Sources */ = {isa = PBXBuildFile; fileRef = OBJ_110 /* Command.swift */; };
		OBJ_160 /* CommandRunner.swift in Sources */ = {isa = PBXBuildFile; fileRef = OBJ_111 /* CommandRunner.swift */; };
		OBJ_161 /* Commands.swift in Sources */ = {isa = PBXBuildFile; fileRef = OBJ_112 /* Commands.swift */; };
		OBJ_162 /* CommandType.swift in Sources */ = {isa = PBXBuildFile; fileRef = OBJ_113 /* CommandType.swift */; };
		OBJ_163 /* Error.swift in Sources */ = {isa = PBXBuildFile; fileRef = OBJ_114 /* Error.swift */; };
		OBJ_164 /* Group.swift in Sources */ = {isa = PBXBuildFile; fileRef = OBJ_115 /* Group.swift */; };
		OBJ_166 /* Spectre.framework in Frameworks */ = {isa = PBXBuildFile; fileRef = OBJ_126 /* Spectre.framework */; };
		OBJ_173 /* Casting.swift in Sources */ = {isa = PBXBuildFile; fileRef = OBJ_95 /* Casting.swift */; };
		OBJ_174 /* Decodable.swift in Sources */ = {isa = PBXBuildFile; fileRef = OBJ_96 /* Decodable.swift */; };
		OBJ_175 /* decode.swift in Sources */ = {isa = PBXBuildFile; fileRef = OBJ_97 /* decode.swift */; };
		OBJ_176 /* DecodeError.swift in Sources */ = {isa = PBXBuildFile; fileRef = OBJ_98 /* DecodeError.swift */; };
		OBJ_177 /* Extractor.swift in Sources */ = {isa = PBXBuildFile; fileRef = OBJ_99 /* Extractor.swift */; };
		OBJ_178 /* KeyPath.swift in Sources */ = {isa = PBXBuildFile; fileRef = OBJ_100 /* KeyPath.swift */; };
		OBJ_179 /* NSNumber.swift in Sources */ = {isa = PBXBuildFile; fileRef = OBJ_101 /* NSNumber.swift */; };
		OBJ_180 /* Operators.swift in Sources */ = {isa = PBXBuildFile; fileRef = OBJ_102 /* Operators.swift */; };
		OBJ_181 /* RawRepresentable.swift in Sources */ = {isa = PBXBuildFile; fileRef = OBJ_103 /* RawRepresentable.swift */; };
		OBJ_182 /* StandardLib.swift in Sources */ = {isa = PBXBuildFile; fileRef = OBJ_104 /* StandardLib.swift */; };
		OBJ_183 /* Transformer.swift in Sources */ = {isa = PBXBuildFile; fileRef = OBJ_105 /* Transformer.swift */; };
		OBJ_190 /* Result.swift in Sources */ = {isa = PBXBuildFile; fileRef = OBJ_92 /* Result.swift */; };
		OBJ_191 /* ResultProtocol.swift in Sources */ = {isa = PBXBuildFile; fileRef = OBJ_93 /* ResultProtocol.swift */; };
		OBJ_198 /* CallbackQueue.swift in Sources */ = {isa = PBXBuildFile; fileRef = OBJ_63 /* CallbackQueue.swift */; };
		OBJ_199 /* HTTPMethod.swift in Sources */ = {isa = PBXBuildFile; fileRef = OBJ_64 /* HTTPMethod.swift */; };
		OBJ_200 /* Request.swift in Sources */ = {isa = PBXBuildFile; fileRef = OBJ_65 /* Request.swift */; };
		OBJ_201 /* Session.swift in Sources */ = {isa = PBXBuildFile; fileRef = OBJ_66 /* Session.swift */; };
		OBJ_202 /* Unavailable.swift in Sources */ = {isa = PBXBuildFile; fileRef = OBJ_67 /* Unavailable.swift */; };
		OBJ_203 /* BodyParameters.swift in Sources */ = {isa = PBXBuildFile; fileRef = OBJ_69 /* BodyParameters.swift */; };
		OBJ_204 /* Data+InputStream.swift in Sources */ = {isa = PBXBuildFile; fileRef = OBJ_70 /* Data+InputStream.swift */; };
		OBJ_205 /* FormURLEncodedBodyParameters.swift in Sources */ = {isa = PBXBuildFile; fileRef = OBJ_71 /* FormURLEncodedBodyParameters.swift */; };
		OBJ_206 /* JSONBodyParameters.swift in Sources */ = {isa = PBXBuildFile; fileRef = OBJ_72 /* JSONBodyParameters.swift */; };
		OBJ_207 /* MultipartFormDataBodyParameters.swift in Sources */ = {isa = PBXBuildFile; fileRef = OBJ_73 /* MultipartFormDataBodyParameters.swift */; };
		OBJ_208 /* ProtobufBodyParameters.swift in Sources */ = {isa = PBXBuildFile; fileRef = OBJ_74 /* ProtobufBodyParameters.swift */; };
		OBJ_209 /* DataParser.swift in Sources */ = {isa = PBXBuildFile; fileRef = OBJ_76 /* DataParser.swift */; };
		OBJ_210 /* FormURLEncodedDataParser.swift in Sources */ = {isa = PBXBuildFile; fileRef = OBJ_77 /* FormURLEncodedDataParser.swift */; };
		OBJ_211 /* JSONDataParser.swift in Sources */ = {isa = PBXBuildFile; fileRef = OBJ_78 /* JSONDataParser.swift */; };
		OBJ_212 /* ProtobufDataParser.swift in Sources */ = {isa = PBXBuildFile; fileRef = OBJ_79 /* ProtobufDataParser.swift */; };
		OBJ_213 /* StringDataParser.swift in Sources */ = {isa = PBXBuildFile; fileRef = OBJ_80 /* StringDataParser.swift */; };
		OBJ_214 /* RequestError.swift in Sources */ = {isa = PBXBuildFile; fileRef = OBJ_82 /* RequestError.swift */; };
		OBJ_215 /* ResponseError.swift in Sources */ = {isa = PBXBuildFile; fileRef = OBJ_83 /* ResponseError.swift */; };
		OBJ_216 /* SessionTaskError.swift in Sources */ = {isa = PBXBuildFile; fileRef = OBJ_84 /* SessionTaskError.swift */; };
		OBJ_217 /* URLEncodedSerialization.swift in Sources */ = {isa = PBXBuildFile; fileRef = OBJ_86 /* URLEncodedSerialization.swift */; };
		OBJ_218 /* SessionAdapter.swift in Sources */ = {isa = PBXBuildFile; fileRef = OBJ_88 /* SessionAdapter.swift */; };
		OBJ_219 /* URLSessionAdapter.swift in Sources */ = {isa = PBXBuildFile; fileRef = OBJ_89 /* URLSessionAdapter.swift */; };
		OBJ_221 /* Result.framework in Frameworks */ = {isa = PBXBuildFile; fileRef = OBJ_129 /* Result.framework */; };
		OBJ_228 /* Logger.swift in Sources */ = {isa = PBXBuildFile; fileRef = OBJ_60 /* Logger.swift */; };
		OBJ_235 /* HeliumLogger.swift in Sources */ = {isa = PBXBuildFile; fileRef = OBJ_56 /* HeliumLogger.swift */; };
		OBJ_236 /* HeliumStreamLogger.swift in Sources */ = {isa = PBXBuildFile; fileRef = OBJ_57 /* HeliumStreamLogger.swift */; };
		OBJ_238 /* LoggerAPI.framework in Frameworks */ = {isa = PBXBuildFile; fileRef = OBJ_131 /* LoggerAPI.framework */; };
		OBJ_245 /* SWXMLHash+TypeConversion.swift in Sources */ = {isa = PBXBuildFile; fileRef = OBJ_52 /* SWXMLHash+TypeConversion.swift */; };
		OBJ_246 /* SWXMLHash.swift in Sources */ = {isa = PBXBuildFile; fileRef = OBJ_53 /* SWXMLHash.swift */; };
		OBJ_253 /* main.swift in Sources */ = {isa = PBXBuildFile; fileRef = OBJ_9 /* main.swift */; };
		OBJ_255 /* Spectre.framework in Frameworks */ = {isa = PBXBuildFile; fileRef = OBJ_126 /* Spectre.framework */; };
		OBJ_256 /* Commander.framework in Frameworks */ = {isa = PBXBuildFile; fileRef = OBJ_127 /* Commander.framework */; };
		OBJ_257 /* Himotoki.framework in Frameworks */ = {isa = PBXBuildFile; fileRef = OBJ_128 /* Himotoki.framework */; };
		OBJ_258 /* Result.framework in Frameworks */ = {isa = PBXBuildFile; fileRef = OBJ_129 /* Result.framework */; };
		OBJ_259 /* APIKit.framework in Frameworks */ = {isa = PBXBuildFile; fileRef = OBJ_130 /* APIKit.framework */; };
		OBJ_260 /* LoggerAPI.framework in Frameworks */ = {isa = PBXBuildFile; fileRef = OBJ_131 /* LoggerAPI.framework */; };
		OBJ_261 /* HeliumLogger.framework in Frameworks */ = {isa = PBXBuildFile; fileRef = OBJ_132 /* HeliumLogger.framework */; };
		OBJ_262 /* SWXMLHash.framework in Frameworks */ = {isa = PBXBuildFile; fileRef = OBJ_133 /* SWXMLHash.framework */; };
		OBJ_263 /* LicensePlistCore.framework in Frameworks */ = {isa = PBXBuildFile; fileRef = OBJ_135 /* LicensePlistCore.framework */; };
		OBJ_278 /* LicensePlist.swift in Sources */ = {isa = PBXBuildFile; fileRef = OBJ_11 /* LicensePlist.swift */; };
		OBJ_279 /* Logger.swift in Sources */ = {isa = PBXBuildFile; fileRef = OBJ_12 /* Logger.swift */; };
		OBJ_280 /* ResultOperation.swift in Sources */ = {isa = PBXBuildFile; fileRef = OBJ_13 /* ResultOperation.swift */; };
		OBJ_281 /* TemplateManager.swift in Sources */ = {isa = PBXBuildFile; fileRef = OBJ_14 /* TemplateManager.swift */; };
		OBJ_282 /* Collector.swift in Sources */ = {isa = PBXBuildFile; fileRef = OBJ_16 /* Collector.swift */; };
		OBJ_283 /* GitHubLicense.collector.swift in Sources */ = {isa = PBXBuildFile; fileRef = OBJ_17 /* GitHubLicense.collector.swift */; };
		OBJ_284 /* CocoaPods.swift in Sources */ = {isa = PBXBuildFile; fileRef = OBJ_19 /* CocoaPods.swift */; };
		OBJ_285 /* GitHub.swift in Sources */ = {isa = PBXBuildFile; fileRef = OBJ_20 /* GitHub.swift */; };
		OBJ_286 /* Library.swift in Sources */ = {isa = PBXBuildFile; fileRef = OBJ_21 /* Library.swift */; };
		OBJ_287 /* License.swift in Sources */ = {isa = PBXBuildFile; fileRef = OBJ_22 /* License.swift */; };
		OBJ_288 /* APIKit.extension.swift in Sources */ = {isa = PBXBuildFile; fileRef = OBJ_24 /* APIKit.extension.swift */; };
		OBJ_289 /* Extensions.swift in Sources */ = {isa = PBXBuildFile; fileRef = OBJ_25 /* Extensions.swift */; };
		OBJ_290 /* URL.extension.swift in Sources */ = {isa = PBXBuildFile; fileRef = OBJ_26 /* URL.extension.swift */; };
		OBJ_291 /* GitHubRequest.swift in Sources */ = {isa = PBXBuildFile; fileRef = OBJ_28 /* GitHubRequest.swift */; };
		OBJ_292 /* RepoRequests.swift in Sources */ = {isa = PBXBuildFile; fileRef = OBJ_29 /* RepoRequests.swift */; };
		OBJ_293 /* SearchRequests.swift in Sources */ = {isa = PBXBuildFile; fileRef = OBJ_30 /* SearchRequests.swift */; };
		OBJ_294 /* CocoaPods.parser.swift in Sources */ = {isa = PBXBuildFile; fileRef = OBJ_32 /* CocoaPods.parser.swift */; };
		OBJ_295 /* GitHub.parser.swift in Sources */ = {isa = PBXBuildFile; fileRef = OBJ_33 /* GitHub.parser.swift */; };
		OBJ_296 /* Parser.swift in Sources */ = {isa = PBXBuildFile; fileRef = OBJ_34 /* Parser.swift */; };
		OBJ_298 /* Spectre.framework in Frameworks */ = {isa = PBXBuildFile; fileRef = OBJ_126 /* Spectre.framework */; };
		OBJ_299 /* Commander.framework in Frameworks */ = {isa = PBXBuildFile; fileRef = OBJ_127 /* Commander.framework */; };
		OBJ_300 /* Himotoki.framework in Frameworks */ = {isa = PBXBuildFile; fileRef = OBJ_128 /* Himotoki.framework */; };
		OBJ_301 /* Result.framework in Frameworks */ = {isa = PBXBuildFile; fileRef = OBJ_129 /* Result.framework */; };
		OBJ_302 /* APIKit.framework in Frameworks */ = {isa = PBXBuildFile; fileRef = OBJ_130 /* APIKit.framework */; };
		OBJ_303 /* LoggerAPI.framework in Frameworks */ = {isa = PBXBuildFile; fileRef = OBJ_131 /* LoggerAPI.framework */; };
		OBJ_304 /* HeliumLogger.framework in Frameworks */ = {isa = PBXBuildFile; fileRef = OBJ_132 /* HeliumLogger.framework */; };
		OBJ_305 /* SWXMLHash.framework in Frameworks */ = {isa = PBXBuildFile; fileRef = OBJ_133 /* SWXMLHash.framework */; };
		OBJ_319 /* GtiHubClientTests.swift in Sources */ = {isa = PBXBuildFile; fileRef = OBJ_37 /* GtiHubClientTests.swift */; };
		OBJ_320 /* ResultOperationTests.swift in Sources */ = {isa = PBXBuildFile; fileRef = OBJ_38 /* ResultOperationTests.swift */; };
		OBJ_321 /* TemplateManagerTests.swift in Sources */ = {isa = PBXBuildFile; fileRef = OBJ_39 /* TemplateManagerTests.swift */; };
		OBJ_322 /* TestUtil.swift in Sources */ = {isa = PBXBuildFile; fileRef = OBJ_40 /* TestUtil.swift */; };
		OBJ_323 /* URL.extensionTests.swift in Sources */ = {isa = PBXBuildFile; fileRef = OBJ_41 /* URL.extensionTests.swift */; };
		OBJ_324 /* GitHubLicense.collectorTests.swift in Sources */ = {isa = PBXBuildFile; fileRef = OBJ_43 /* GitHubLicense.collectorTests.swift */; };
		OBJ_325 /* CocoaPodsLicense.parserTests.swift in Sources */ = {isa = PBXBuildFile; fileRef = OBJ_45 /* CocoaPodsLicense.parserTests.swift */; };
		OBJ_326 /* GitHub.parserTests.swift in Sources */ = {isa = PBXBuildFile; fileRef = OBJ_46 /* GitHub.parserTests.swift */; };
		OBJ_328 /* Spectre.framework in Frameworks */ = {isa = PBXBuildFile; fileRef = OBJ_126 /* Spectre.framework */; };
		OBJ_329 /* Commander.framework in Frameworks */ = {isa = PBXBuildFile; fileRef = OBJ_127 /* Commander.framework */; };
		OBJ_330 /* Himotoki.framework in Frameworks */ = {isa = PBXBuildFile; fileRef = OBJ_128 /* Himotoki.framework */; };
		OBJ_331 /* Result.framework in Frameworks */ = {isa = PBXBuildFile; fileRef = OBJ_129 /* Result.framework */; };
		OBJ_332 /* APIKit.framework in Frameworks */ = {isa = PBXBuildFile; fileRef = OBJ_130 /* APIKit.framework */; };
		OBJ_333 /* LoggerAPI.framework in Frameworks */ = {isa = PBXBuildFile; fileRef = OBJ_131 /* LoggerAPI.framework */; };
		OBJ_334 /* HeliumLogger.framework in Frameworks */ = {isa = PBXBuildFile; fileRef = OBJ_132 /* HeliumLogger.framework */; };
		OBJ_335 /* SWXMLHash.framework in Frameworks */ = {isa = PBXBuildFile; fileRef = OBJ_133 /* SWXMLHash.framework */; };
		OBJ_336 /* LicensePlistCore.framework in Frameworks */ = {isa = PBXBuildFile; fileRef = OBJ_135 /* LicensePlistCore.framework */; };
/* End PBXBuildFile section */

/* Begin PBXContainerItemProxy section */
		FED9326E1EBAE0290077F9A1 /* PBXContainerItemProxy */ = {
			isa = PBXContainerItemProxy;
			containerPortal = OBJ_1 /* Project object */;
			proxyType = 1;
			remoteGlobalIDString = OBJ_137;
			remoteInfo = Spectre;
		};
		FED9326F1EBAE0290077F9A1 /* PBXContainerItemProxy */ = {
			isa = PBXContainerItemProxy;
			containerPortal = OBJ_1 /* Project object */;
			proxyType = 1;
			remoteGlobalIDString = OBJ_185;
			remoteInfo = Result;
		};
		FED932701EBAE0290077F9A1 /* PBXContainerItemProxy */ = {
			isa = PBXContainerItemProxy;
			containerPortal = OBJ_1 /* Project object */;
			proxyType = 1;
			remoteGlobalIDString = OBJ_223;
			remoteInfo = LoggerAPI;
		};
		FED932711EBAE0290077F9A1 /* PBXContainerItemProxy */ = {
			isa = PBXContainerItemProxy;
			containerPortal = OBJ_1 /* Project object */;
			proxyType = 1;
			remoteGlobalIDString = OBJ_137;
			remoteInfo = Spectre;
		};
		FED932721EBAE0290077F9A1 /* PBXContainerItemProxy */ = {
			isa = PBXContainerItemProxy;
			containerPortal = OBJ_1 /* Project object */;
			proxyType = 1;
			remoteGlobalIDString = OBJ_151;
			remoteInfo = Commander;
		};
		FED932731EBAE0290077F9A1 /* PBXContainerItemProxy */ = {
			isa = PBXContainerItemProxy;
			containerPortal = OBJ_1 /* Project object */;
			proxyType = 1;
			remoteGlobalIDString = OBJ_168;
			remoteInfo = Himotoki;
		};
		FED932741EBAE0290077F9A1 /* PBXContainerItemProxy */ = {
			isa = PBXContainerItemProxy;
			containerPortal = OBJ_1 /* Project object */;
			proxyType = 1;
			remoteGlobalIDString = OBJ_185;
			remoteInfo = Result;
		};
		FED932751EBAE0290077F9A1 /* PBXContainerItemProxy */ = {
			isa = PBXContainerItemProxy;
			containerPortal = OBJ_1 /* Project object */;
			proxyType = 1;
			remoteGlobalIDString = OBJ_193;
			remoteInfo = APIKit;
		};
		FED932761EBAE0290077F9A1 /* PBXContainerItemProxy */ = {
			isa = PBXContainerItemProxy;
			containerPortal = OBJ_1 /* Project object */;
			proxyType = 1;
			remoteGlobalIDString = OBJ_223;
			remoteInfo = LoggerAPI;
		};
		FED932771EBAE0290077F9A1 /* PBXContainerItemProxy */ = {
			isa = PBXContainerItemProxy;
			containerPortal = OBJ_1 /* Project object */;
			proxyType = 1;
			remoteGlobalIDString = OBJ_230;
			remoteInfo = HeliumLogger;
		};
		FED932781EBAE0290077F9A1 /* PBXContainerItemProxy */ = {
			isa = PBXContainerItemProxy;
			containerPortal = OBJ_1 /* Project object */;
			proxyType = 1;
			remoteGlobalIDString = OBJ_240;
			remoteInfo = SWXMLHash;
		};
		FED932791EBAE0290077F9A1 /* PBXContainerItemProxy */ = {
			isa = PBXContainerItemProxy;
			containerPortal = OBJ_1 /* Project object */;
			proxyType = 1;
			remoteGlobalIDString = OBJ_273;
			remoteInfo = LicensePlistCore;
		};
		FED9327A1EBAE0290077F9A1 /* PBXContainerItemProxy */ = {
			isa = PBXContainerItemProxy;
			containerPortal = OBJ_1 /* Project object */;
			proxyType = 1;
			remoteGlobalIDString = OBJ_137;
			remoteInfo = Spectre;
		};
		FED9327B1EBAE0290077F9A1 /* PBXContainerItemProxy */ = {
			isa = PBXContainerItemProxy;
			containerPortal = OBJ_1 /* Project object */;
			proxyType = 1;
			remoteGlobalIDString = OBJ_151;
			remoteInfo = Commander;
		};
		FED9327C1EBAE0290077F9A1 /* PBXContainerItemProxy */ = {
			isa = PBXContainerItemProxy;
			containerPortal = OBJ_1 /* Project object */;
			proxyType = 1;
			remoteGlobalIDString = OBJ_168;
			remoteInfo = Himotoki;
		};
		FED9327D1EBAE0290077F9A1 /* PBXContainerItemProxy */ = {
			isa = PBXContainerItemProxy;
			containerPortal = OBJ_1 /* Project object */;
			proxyType = 1;
			remoteGlobalIDString = OBJ_185;
			remoteInfo = Result;
		};
		FED9327E1EBAE0290077F9A1 /* PBXContainerItemProxy */ = {
			isa = PBXContainerItemProxy;
			containerPortal = OBJ_1 /* Project object */;
			proxyType = 1;
			remoteGlobalIDString = OBJ_193;
			remoteInfo = APIKit;
		};
		FED9327F1EBAE0290077F9A1 /* PBXContainerItemProxy */ = {
			isa = PBXContainerItemProxy;
			containerPortal = OBJ_1 /* Project object */;
			proxyType = 1;
			remoteGlobalIDString = OBJ_223;
			remoteInfo = LoggerAPI;
		};
		FED932801EBAE0290077F9A1 /* PBXContainerItemProxy */ = {
			isa = PBXContainerItemProxy;
			containerPortal = OBJ_1 /* Project object */;
			proxyType = 1;
			remoteGlobalIDString = OBJ_230;
			remoteInfo = HeliumLogger;
		};
		FED932811EBAE0290077F9A1 /* PBXContainerItemProxy */ = {
			isa = PBXContainerItemProxy;
			containerPortal = OBJ_1 /* Project object */;
			proxyType = 1;
			remoteGlobalIDString = OBJ_240;
			remoteInfo = SWXMLHash;
		};
		FED932821EBAE0290077F9A1 /* PBXContainerItemProxy */ = {
			isa = PBXContainerItemProxy;
			containerPortal = OBJ_1 /* Project object */;
			proxyType = 1;
			remoteGlobalIDString = OBJ_137;
			remoteInfo = Spectre;
		};
		FED932831EBAE0290077F9A1 /* PBXContainerItemProxy */ = {
			isa = PBXContainerItemProxy;
			containerPortal = OBJ_1 /* Project object */;
			proxyType = 1;
			remoteGlobalIDString = OBJ_151;
			remoteInfo = Commander;
		};
		FED932841EBAE0290077F9A1 /* PBXContainerItemProxy */ = {
			isa = PBXContainerItemProxy;
			containerPortal = OBJ_1 /* Project object */;
			proxyType = 1;
			remoteGlobalIDString = OBJ_168;
			remoteInfo = Himotoki;
		};
		FED932851EBAE0290077F9A1 /* PBXContainerItemProxy */ = {
			isa = PBXContainerItemProxy;
			containerPortal = OBJ_1 /* Project object */;
			proxyType = 1;
			remoteGlobalIDString = OBJ_185;
			remoteInfo = Result;
		};
		FED932861EBAE0290077F9A1 /* PBXContainerItemProxy */ = {
			isa = PBXContainerItemProxy;
			containerPortal = OBJ_1 /* Project object */;
			proxyType = 1;
			remoteGlobalIDString = OBJ_193;
			remoteInfo = APIKit;
		};
		FED932871EBAE0290077F9A1 /* PBXContainerItemProxy */ = {
			isa = PBXContainerItemProxy;
			containerPortal = OBJ_1 /* Project object */;
			proxyType = 1;
			remoteGlobalIDString = OBJ_223;
			remoteInfo = LoggerAPI;
		};
		FED932881EBAE0290077F9A1 /* PBXContainerItemProxy */ = {
			isa = PBXContainerItemProxy;
			containerPortal = OBJ_1 /* Project object */;
			proxyType = 1;
			remoteGlobalIDString = OBJ_230;
			remoteInfo = HeliumLogger;
		};
		FED932891EBAE0290077F9A1 /* PBXContainerItemProxy */ = {
			isa = PBXContainerItemProxy;
			containerPortal = OBJ_1 /* Project object */;
			proxyType = 1;
			remoteGlobalIDString = OBJ_240;
			remoteInfo = SWXMLHash;
		};
		FED9328A1EBAE0290077F9A1 /* PBXContainerItemProxy */ = {
			isa = PBXContainerItemProxy;
			containerPortal = OBJ_1 /* Project object */;
			proxyType = 1;
			remoteGlobalIDString = OBJ_273;
			remoteInfo = LicensePlistCore;
		};
		FED9328B1EBAE0290077F9A1 /* PBXContainerItemProxy */ = {
			isa = PBXContainerItemProxy;
			containerPortal = OBJ_1 /* Project object */;
			proxyType = 1;
			remoteGlobalIDString = OBJ_248;
			remoteInfo = LicensePlist;
		};
/* End PBXContainerItemProxy section */

/* Begin PBXFileReference section */
		OBJ_100 /* KeyPath.swift */ = {isa = PBXFileReference; lastKnownFileType = sourcecode.swift; path = KeyPath.swift; sourceTree = "<group>"; };
		OBJ_101 /* NSNumber.swift */ = {isa = PBXFileReference; lastKnownFileType = sourcecode.swift; path = NSNumber.swift; sourceTree = "<group>"; };
		OBJ_102 /* Operators.swift */ = {isa = PBXFileReference; lastKnownFileType = sourcecode.swift; path = Operators.swift; sourceTree = "<group>"; };
		OBJ_103 /* RawRepresentable.swift */ = {isa = PBXFileReference; lastKnownFileType = sourcecode.swift; path = RawRepresentable.swift; sourceTree = "<group>"; };
		OBJ_104 /* StandardLib.swift */ = {isa = PBXFileReference; lastKnownFileType = sourcecode.swift; path = StandardLib.swift; sourceTree = "<group>"; };
		OBJ_105 /* Transformer.swift */ = {isa = PBXFileReference; lastKnownFileType = sourcecode.swift; path = Transformer.swift; sourceTree = "<group>"; };
		OBJ_107 /* ArgumentConvertible.swift */ = {isa = PBXFileReference; lastKnownFileType = sourcecode.swift; path = ArgumentConvertible.swift; sourceTree = "<group>"; };
		OBJ_108 /* ArgumentDescription.swift */ = {isa = PBXFileReference; lastKnownFileType = sourcecode.swift; path = ArgumentDescription.swift; sourceTree = "<group>"; };
		OBJ_109 /* ArgumentParser.swift */ = {isa = PBXFileReference; lastKnownFileType = sourcecode.swift; path = ArgumentParser.swift; sourceTree = "<group>"; };
		OBJ_11 /* LicensePlist.swift */ = {isa = PBXFileReference; lastKnownFileType = sourcecode.swift; path = LicensePlist.swift; sourceTree = "<group>"; };
		OBJ_110 /* Command.swift */ = {isa = PBXFileReference; lastKnownFileType = sourcecode.swift; path = Command.swift; sourceTree = "<group>"; };
		OBJ_111 /* CommandRunner.swift */ = {isa = PBXFileReference; lastKnownFileType = sourcecode.swift; path = CommandRunner.swift; sourceTree = "<group>"; };
		OBJ_112 /* Commands.swift */ = {isa = PBXFileReference; lastKnownFileType = sourcecode.swift; path = Commands.swift; sourceTree = "<group>"; };
		OBJ_113 /* CommandType.swift */ = {isa = PBXFileReference; lastKnownFileType = sourcecode.swift; path = CommandType.swift; sourceTree = "<group>"; };
		OBJ_114 /* Error.swift */ = {isa = PBXFileReference; lastKnownFileType = sourcecode.swift; path = Error.swift; sourceTree = "<group>"; };
		OBJ_115 /* Group.swift */ = {isa = PBXFileReference; lastKnownFileType = sourcecode.swift; path = Group.swift; sourceTree = "<group>"; };
		OBJ_117 /* Case.swift */ = {isa = PBXFileReference; lastKnownFileType = sourcecode.swift; path = Case.swift; sourceTree = "<group>"; };
		OBJ_118 /* Context.swift */ = {isa = PBXFileReference; lastKnownFileType = sourcecode.swift; path = Context.swift; sourceTree = "<group>"; };
		OBJ_119 /* Expectation.swift */ = {isa = PBXFileReference; lastKnownFileType = sourcecode.swift; path = Expectation.swift; sourceTree = "<group>"; };
		OBJ_12 /* Logger.swift */ = {isa = PBXFileReference; lastKnownFileType = sourcecode.swift; path = Logger.swift; sourceTree = "<group>"; };
		OBJ_120 /* Failure.swift */ = {isa = PBXFileReference; lastKnownFileType = sourcecode.swift; path = Failure.swift; sourceTree = "<group>"; };
		OBJ_121 /* Global.swift */ = {isa = PBXFileReference; lastKnownFileType = sourcecode.swift; path = Global.swift; sourceTree = "<group>"; };
		OBJ_122 /* GlobalContext.swift */ = {isa = PBXFileReference; lastKnownFileType = sourcecode.swift; path = GlobalContext.swift; sourceTree = "<group>"; };
		OBJ_123 /* Reporter.swift */ = {isa = PBXFileReference; lastKnownFileType = sourcecode.swift; path = Reporter.swift; sourceTree = "<group>"; };
		OBJ_124 /* Reporters.swift */ = {isa = PBXFileReference; lastKnownFileType = sourcecode.swift; path = Reporters.swift; sourceTree = "<group>"; };
		OBJ_126 /* Spectre.framework */ = {isa = PBXFileReference; explicitFileType = wrapper.framework; path = Spectre.framework; sourceTree = BUILT_PRODUCTS_DIR; };
		OBJ_127 /* Commander.framework */ = {isa = PBXFileReference; explicitFileType = wrapper.framework; path = Commander.framework; sourceTree = BUILT_PRODUCTS_DIR; };
		OBJ_128 /* Himotoki.framework */ = {isa = PBXFileReference; explicitFileType = wrapper.framework; path = Himotoki.framework; sourceTree = BUILT_PRODUCTS_DIR; };
		OBJ_129 /* Result.framework */ = {isa = PBXFileReference; explicitFileType = wrapper.framework; path = Result.framework; sourceTree = BUILT_PRODUCTS_DIR; };
		OBJ_13 /* ResultOperation.swift */ = {isa = PBXFileReference; lastKnownFileType = sourcecode.swift; path = ResultOperation.swift; sourceTree = "<group>"; };
		OBJ_130 /* APIKit.framework */ = {isa = PBXFileReference; explicitFileType = wrapper.framework; path = APIKit.framework; sourceTree = BUILT_PRODUCTS_DIR; };
		OBJ_131 /* LoggerAPI.framework */ = {isa = PBXFileReference; explicitFileType = wrapper.framework; path = LoggerAPI.framework; sourceTree = BUILT_PRODUCTS_DIR; };
		OBJ_132 /* HeliumLogger.framework */ = {isa = PBXFileReference; explicitFileType = wrapper.framework; path = HeliumLogger.framework; sourceTree = BUILT_PRODUCTS_DIR; };
		OBJ_133 /* SWXMLHash.framework */ = {isa = PBXFileReference; explicitFileType = wrapper.framework; path = SWXMLHash.framework; sourceTree = BUILT_PRODUCTS_DIR; };
		OBJ_134 /* LicensePlist */ = {isa = PBXFileReference; lastKnownFileType = text; path = LicensePlist; sourceTree = BUILT_PRODUCTS_DIR; };
		OBJ_135 /* LicensePlistCore.framework */ = {isa = PBXFileReference; explicitFileType = wrapper.framework; path = LicensePlistCore.framework; sourceTree = BUILT_PRODUCTS_DIR; };
		OBJ_136 /* LicensePlistTests.xctest */ = {isa = PBXFileReference; lastKnownFileType = file; path = LicensePlistTests.xctest; sourceTree = BUILT_PRODUCTS_DIR; };
		OBJ_14 /* TemplateManager.swift */ = {isa = PBXFileReference; lastKnownFileType = sourcecode.swift; path = TemplateManager.swift; sourceTree = "<group>"; };
		OBJ_16 /* Collector.swift */ = {isa = PBXFileReference; lastKnownFileType = sourcecode.swift; path = Collector.swift; sourceTree = "<group>"; };
		OBJ_17 /* GitHubLicense.collector.swift */ = {isa = PBXFileReference; lastKnownFileType = sourcecode.swift; path = GitHubLicense.collector.swift; sourceTree = "<group>"; };
		OBJ_19 /* CocoaPods.swift */ = {isa = PBXFileReference; lastKnownFileType = sourcecode.swift; path = CocoaPods.swift; sourceTree = "<group>"; };
		OBJ_20 /* GitHub.swift */ = {isa = PBXFileReference; lastKnownFileType = sourcecode.swift; path = GitHub.swift; sourceTree = "<group>"; };
		OBJ_21 /* Library.swift */ = {isa = PBXFileReference; lastKnownFileType = sourcecode.swift; path = Library.swift; sourceTree = "<group>"; };
		OBJ_22 /* License.swift */ = {isa = PBXFileReference; lastKnownFileType = sourcecode.swift; path = License.swift; sourceTree = "<group>"; };
		OBJ_24 /* APIKit.extension.swift */ = {isa = PBXFileReference; lastKnownFileType = sourcecode.swift; path = APIKit.extension.swift; sourceTree = "<group>"; };
		OBJ_25 /* Extensions.swift */ = {isa = PBXFileReference; lastKnownFileType = sourcecode.swift; path = Extensions.swift; sourceTree = "<group>"; };
		OBJ_26 /* URL.extension.swift */ = {isa = PBXFileReference; lastKnownFileType = sourcecode.swift; path = URL.extension.swift; sourceTree = "<group>"; };
		OBJ_28 /* GitHubRequest.swift */ = {isa = PBXFileReference; lastKnownFileType = sourcecode.swift; path = GitHubRequest.swift; sourceTree = "<group>"; };
		OBJ_29 /* RepoRequests.swift */ = {isa = PBXFileReference; lastKnownFileType = sourcecode.swift; path = RepoRequests.swift; sourceTree = "<group>"; };
		OBJ_30 /* SearchRequests.swift */ = {isa = PBXFileReference; lastKnownFileType = sourcecode.swift; path = SearchRequests.swift; sourceTree = "<group>"; };
		OBJ_32 /* CocoaPods.parser.swift */ = {isa = PBXFileReference; lastKnownFileType = sourcecode.swift; path = CocoaPods.parser.swift; sourceTree = "<group>"; };
		OBJ_33 /* GitHub.parser.swift */ = {isa = PBXFileReference; lastKnownFileType = sourcecode.swift; path = GitHub.parser.swift; sourceTree = "<group>"; };
		OBJ_34 /* Parser.swift */ = {isa = PBXFileReference; lastKnownFileType = sourcecode.swift; path = Parser.swift; sourceTree = "<group>"; };
		OBJ_37 /* GtiHubClientTests.swift */ = {isa = PBXFileReference; lastKnownFileType = sourcecode.swift; path = GtiHubClientTests.swift; sourceTree = "<group>"; };
		OBJ_38 /* ResultOperationTests.swift */ = {isa = PBXFileReference; lastKnownFileType = sourcecode.swift; path = ResultOperationTests.swift; sourceTree = "<group>"; };
		OBJ_39 /* TemplateManagerTests.swift */ = {isa = PBXFileReference; lastKnownFileType = sourcecode.swift; path = TemplateManagerTests.swift; sourceTree = "<group>"; };
		OBJ_40 /* TestUtil.swift */ = {isa = PBXFileReference; lastKnownFileType = sourcecode.swift; path = TestUtil.swift; sourceTree = "<group>"; };
		OBJ_41 /* URL.extensionTests.swift */ = {isa = PBXFileReference; lastKnownFileType = sourcecode.swift; path = URL.extensionTests.swift; sourceTree = "<group>"; };
		OBJ_43 /* GitHubLicense.collectorTests.swift */ = {isa = PBXFileReference; lastKnownFileType = sourcecode.swift; path = GitHubLicense.collectorTests.swift; sourceTree = "<group>"; };
		OBJ_45 /* CocoaPodsLicense.parserTests.swift */ = {isa = PBXFileReference; lastKnownFileType = sourcecode.swift; path = CocoaPodsLicense.parserTests.swift; sourceTree = "<group>"; };
		OBJ_46 /* GitHub.parserTests.swift */ = {isa = PBXFileReference; lastKnownFileType = sourcecode.swift; path = GitHub.parserTests.swift; sourceTree = "<group>"; };
		OBJ_47 /* com.mono0926.LicensePlist.Output */ = {isa = PBXFileReference; lastKnownFileType = folder; path = com.mono0926.LicensePlist.Output; sourceTree = SOURCE_ROOT; };
		OBJ_48 /* Pods */ = {isa = PBXFileReference; lastKnownFileType = folder; path = Pods; sourceTree = SOURCE_ROOT; };
		OBJ_49 /* Template */ = {isa = PBXFileReference; lastKnownFileType = folder; path = Template; sourceTree = SOURCE_ROOT; };
		OBJ_52 /* SWXMLHash+TypeConversion.swift */ = {isa = PBXFileReference; lastKnownFileType = sourcecode.swift; path = "SWXMLHash+TypeConversion.swift"; sourceTree = "<group>"; };
		OBJ_53 /* SWXMLHash.swift */ = {isa = PBXFileReference; lastKnownFileType = sourcecode.swift; path = SWXMLHash.swift; sourceTree = "<group>"; };
		OBJ_56 /* HeliumLogger.swift */ = {isa = PBXFileReference; lastKnownFileType = sourcecode.swift; path = HeliumLogger.swift; sourceTree = "<group>"; };
		OBJ_57 /* HeliumStreamLogger.swift */ = {isa = PBXFileReference; lastKnownFileType = sourcecode.swift; path = HeliumStreamLogger.swift; sourceTree = "<group>"; };
		OBJ_6 /* Package.swift */ = {isa = PBXFileReference; explicitFileType = sourcecode.swift; path = Package.swift; sourceTree = "<group>"; };
		OBJ_60 /* Logger.swift */ = {isa = PBXFileReference; lastKnownFileType = sourcecode.swift; path = Logger.swift; sourceTree = "<group>"; };
		OBJ_63 /* CallbackQueue.swift */ = {isa = PBXFileReference; lastKnownFileType = sourcecode.swift; path = CallbackQueue.swift; sourceTree = "<group>"; };
		OBJ_64 /* HTTPMethod.swift */ = {isa = PBXFileReference; lastKnownFileType = sourcecode.swift; path = HTTPMethod.swift; sourceTree = "<group>"; };
		OBJ_65 /* Request.swift */ = {isa = PBXFileReference; lastKnownFileType = sourcecode.swift; path = Request.swift; sourceTree = "<group>"; };
		OBJ_66 /* Session.swift */ = {isa = PBXFileReference; lastKnownFileType = sourcecode.swift; path = Session.swift; sourceTree = "<group>"; };
		OBJ_67 /* Unavailable.swift */ = {isa = PBXFileReference; lastKnownFileType = sourcecode.swift; path = Unavailable.swift; sourceTree = "<group>"; };
		OBJ_69 /* BodyParameters.swift */ = {isa = PBXFileReference; lastKnownFileType = sourcecode.swift; path = BodyParameters.swift; sourceTree = "<group>"; };
		OBJ_70 /* Data+InputStream.swift */ = {isa = PBXFileReference; lastKnownFileType = sourcecode.swift; path = "Data+InputStream.swift"; sourceTree = "<group>"; };
		OBJ_71 /* FormURLEncodedBodyParameters.swift */ = {isa = PBXFileReference; lastKnownFileType = sourcecode.swift; path = FormURLEncodedBodyParameters.swift; sourceTree = "<group>"; };
		OBJ_72 /* JSONBodyParameters.swift */ = {isa = PBXFileReference; lastKnownFileType = sourcecode.swift; path = JSONBodyParameters.swift; sourceTree = "<group>"; };
		OBJ_73 /* MultipartFormDataBodyParameters.swift */ = {isa = PBXFileReference; lastKnownFileType = sourcecode.swift; path = MultipartFormDataBodyParameters.swift; sourceTree = "<group>"; };
		OBJ_74 /* ProtobufBodyParameters.swift */ = {isa = PBXFileReference; lastKnownFileType = sourcecode.swift; path = ProtobufBodyParameters.swift; sourceTree = "<group>"; };
		OBJ_76 /* DataParser.swift */ = {isa = PBXFileReference; lastKnownFileType = sourcecode.swift; path = DataParser.swift; sourceTree = "<group>"; };
		OBJ_77 /* FormURLEncodedDataParser.swift */ = {isa = PBXFileReference; lastKnownFileType = sourcecode.swift; path = FormURLEncodedDataParser.swift; sourceTree = "<group>"; };
		OBJ_78 /* JSONDataParser.swift */ = {isa = PBXFileReference; lastKnownFileType = sourcecode.swift; path = JSONDataParser.swift; sourceTree = "<group>"; };
		OBJ_79 /* ProtobufDataParser.swift */ = {isa = PBXFileReference; lastKnownFileType = sourcecode.swift; path = ProtobufDataParser.swift; sourceTree = "<group>"; };
		OBJ_80 /* StringDataParser.swift */ = {isa = PBXFileReference; lastKnownFileType = sourcecode.swift; path = StringDataParser.swift; sourceTree = "<group>"; };
		OBJ_82 /* RequestError.swift */ = {isa = PBXFileReference; lastKnownFileType = sourcecode.swift; path = RequestError.swift; sourceTree = "<group>"; };
		OBJ_83 /* ResponseError.swift */ = {isa = PBXFileReference; lastKnownFileType = sourcecode.swift; path = ResponseError.swift; sourceTree = "<group>"; };
		OBJ_84 /* SessionTaskError.swift */ = {isa = PBXFileReference; lastKnownFileType = sourcecode.swift; path = SessionTaskError.swift; sourceTree = "<group>"; };
		OBJ_86 /* URLEncodedSerialization.swift */ = {isa = PBXFileReference; lastKnownFileType = sourcecode.swift; path = URLEncodedSerialization.swift; sourceTree = "<group>"; };
		OBJ_88 /* SessionAdapter.swift */ = {isa = PBXFileReference; lastKnownFileType = sourcecode.swift; path = SessionAdapter.swift; sourceTree = "<group>"; };
		OBJ_89 /* URLSessionAdapter.swift */ = {isa = PBXFileReference; lastKnownFileType = sourcecode.swift; path = URLSessionAdapter.swift; sourceTree = "<group>"; };
		OBJ_9 /* main.swift */ = {isa = PBXFileReference; lastKnownFileType = sourcecode.swift; path = main.swift; sourceTree = "<group>"; };
		OBJ_92 /* Result.swift */ = {isa = PBXFileReference; lastKnownFileType = sourcecode.swift; path = Result.swift; sourceTree = "<group>"; };
		OBJ_93 /* ResultProtocol.swift */ = {isa = PBXFileReference; lastKnownFileType = sourcecode.swift; path = ResultProtocol.swift; sourceTree = "<group>"; };
		OBJ_95 /* Casting.swift */ = {isa = PBXFileReference; lastKnownFileType = sourcecode.swift; path = Casting.swift; sourceTree = "<group>"; };
		OBJ_96 /* Decodable.swift */ = {isa = PBXFileReference; lastKnownFileType = sourcecode.swift; path = Decodable.swift; sourceTree = "<group>"; };
		OBJ_97 /* decode.swift */ = {isa = PBXFileReference; lastKnownFileType = sourcecode.swift; path = decode.swift; sourceTree = "<group>"; };
		OBJ_98 /* DecodeError.swift */ = {isa = PBXFileReference; lastKnownFileType = sourcecode.swift; path = DecodeError.swift; sourceTree = "<group>"; };
		OBJ_99 /* Extractor.swift */ = {isa = PBXFileReference; lastKnownFileType = sourcecode.swift; path = Extractor.swift; sourceTree = "<group>"; };
/* End PBXFileReference section */

/* Begin PBXFrameworksBuildPhase section */
		OBJ_150 /* Frameworks */ = {
			isa = PBXFrameworksBuildPhase;
			buildActionMask = 0;
			files = (
			);
			runOnlyForDeploymentPostprocessing = 0;
		};
		OBJ_165 /* Frameworks */ = {
			isa = PBXFrameworksBuildPhase;
			buildActionMask = 0;
			files = (
				OBJ_166 /* Spectre.framework in Frameworks */,
			);
			runOnlyForDeploymentPostprocessing = 0;
		};
		OBJ_184 /* Frameworks */ = {
			isa = PBXFrameworksBuildPhase;
			buildActionMask = 0;
			files = (
			);
			runOnlyForDeploymentPostprocessing = 0;
		};
		OBJ_192 /* Frameworks */ = {
			isa = PBXFrameworksBuildPhase;
			buildActionMask = 0;
			files = (
			);
			runOnlyForDeploymentPostprocessing = 0;
		};
		OBJ_220 /* Frameworks */ = {
			isa = PBXFrameworksBuildPhase;
			buildActionMask = 0;
			files = (
				OBJ_221 /* Result.framework in Frameworks */,
			);
			runOnlyForDeploymentPostprocessing = 0;
		};
		OBJ_229 /* Frameworks */ = {
			isa = PBXFrameworksBuildPhase;
			buildActionMask = 0;
			files = (
			);
			runOnlyForDeploymentPostprocessing = 0;
		};
		OBJ_237 /* Frameworks */ = {
			isa = PBXFrameworksBuildPhase;
			buildActionMask = 0;
			files = (
				OBJ_238 /* LoggerAPI.framework in Frameworks */,
			);
			runOnlyForDeploymentPostprocessing = 0;
		};
		OBJ_247 /* Frameworks */ = {
			isa = PBXFrameworksBuildPhase;
			buildActionMask = 0;
			files = (
			);
			runOnlyForDeploymentPostprocessing = 0;
		};
		OBJ_254 /* Frameworks */ = {
			isa = PBXFrameworksBuildPhase;
			buildActionMask = 0;
			files = (
				OBJ_255 /* Spectre.framework in Frameworks */,
				OBJ_256 /* Commander.framework in Frameworks */,
				OBJ_257 /* Himotoki.framework in Frameworks */,
				OBJ_258 /* Result.framework in Frameworks */,
				OBJ_259 /* APIKit.framework in Frameworks */,
				OBJ_260 /* LoggerAPI.framework in Frameworks */,
				OBJ_261 /* HeliumLogger.framework in Frameworks */,
				OBJ_262 /* SWXMLHash.framework in Frameworks */,
				OBJ_263 /* LicensePlistCore.framework in Frameworks */,
			);
			runOnlyForDeploymentPostprocessing = 0;
		};
		OBJ_297 /* Frameworks */ = {
			isa = PBXFrameworksBuildPhase;
			buildActionMask = 0;
			files = (
				OBJ_298 /* Spectre.framework in Frameworks */,
				OBJ_299 /* Commander.framework in Frameworks */,
				OBJ_300 /* Himotoki.framework in Frameworks */,
				OBJ_301 /* Result.framework in Frameworks */,
				OBJ_302 /* APIKit.framework in Frameworks */,
				OBJ_303 /* LoggerAPI.framework in Frameworks */,
				OBJ_304 /* HeliumLogger.framework in Frameworks */,
				OBJ_305 /* SWXMLHash.framework in Frameworks */,
			);
			runOnlyForDeploymentPostprocessing = 0;
		};
		OBJ_327 /* Frameworks */ = {
			isa = PBXFrameworksBuildPhase;
			buildActionMask = 0;
			files = (
				OBJ_328 /* Spectre.framework in Frameworks */,
				OBJ_329 /* Commander.framework in Frameworks */,
				OBJ_330 /* Himotoki.framework in Frameworks */,
				OBJ_331 /* Result.framework in Frameworks */,
				OBJ_332 /* APIKit.framework in Frameworks */,
				OBJ_333 /* LoggerAPI.framework in Frameworks */,
				OBJ_334 /* HeliumLogger.framework in Frameworks */,
				OBJ_335 /* SWXMLHash.framework in Frameworks */,
				OBJ_336 /* LicensePlistCore.framework in Frameworks */,
			);
			runOnlyForDeploymentPostprocessing = 0;
		};
/* End PBXFrameworksBuildPhase section */

/* Begin PBXGroup section */
		OBJ_10 /* LicensePlistCore */ = {
			isa = PBXGroup;
			children = (
				OBJ_11 /* LicensePlist.swift */,
				OBJ_12 /* Logger.swift */,
				OBJ_13 /* ResultOperation.swift */,
				OBJ_14 /* TemplateManager.swift */,
				OBJ_15 /* Collector */,
				OBJ_18 /* Entity */,
				OBJ_23 /* Extension */,
				OBJ_27 /* GitHubClient */,
				OBJ_31 /* Parser */,
			);
			name = LicensePlistCore;
			path = Sources/LicensePlistCore;
			sourceTree = SOURCE_ROOT;
		};
		OBJ_106 /* Commander 0.6.1 */ = {
			isa = PBXGroup;
			children = (
				OBJ_107 /* ArgumentConvertible.swift */,
				OBJ_108 /* ArgumentDescription.swift */,
				OBJ_109 /* ArgumentParser.swift */,
				OBJ_110 /* Command.swift */,
				OBJ_111 /* CommandRunner.swift */,
				OBJ_112 /* Commands.swift */,
				OBJ_113 /* CommandType.swift */,
				OBJ_114 /* Error.swift */,
				OBJ_115 /* Group.swift */,
			);
			name = "Commander 0.6.1";
			path = ".build/checkouts/Commander.git-1040763989236346507/Sources";
			sourceTree = SOURCE_ROOT;
		};
		OBJ_116 /* Spectre 0.7.2 */ = {
			isa = PBXGroup;
			children = (
				OBJ_117 /* Case.swift */,
				OBJ_118 /* Context.swift */,
				OBJ_119 /* Expectation.swift */,
				OBJ_120 /* Failure.swift */,
				OBJ_121 /* Global.swift */,
				OBJ_122 /* GlobalContext.swift */,
				OBJ_123 /* Reporter.swift */,
				OBJ_124 /* Reporters.swift */,
			);
			name = "Spectre 0.7.2";
			path = ".build/checkouts/Spectre.git--7655155069707042687/Sources";
			sourceTree = SOURCE_ROOT;
		};
		OBJ_125 /* Products */ = {
			isa = PBXGroup;
			children = (
				OBJ_126 /* Spectre.framework */,
				OBJ_127 /* Commander.framework */,
				OBJ_128 /* Himotoki.framework */,
				OBJ_129 /* Result.framework */,
				OBJ_130 /* APIKit.framework */,
				OBJ_131 /* LoggerAPI.framework */,
				OBJ_132 /* HeliumLogger.framework */,
				OBJ_133 /* SWXMLHash.framework */,
				OBJ_134 /* LicensePlist */,
				OBJ_135 /* LicensePlistCore.framework */,
				OBJ_136 /* LicensePlistTests.xctest */,
			);
			name = Products;
			sourceTree = BUILT_PRODUCTS_DIR;
		};
		OBJ_15 /* Collector */ = {
			isa = PBXGroup;
			children = (
				OBJ_16 /* Collector.swift */,
				OBJ_17 /* GitHubLicense.collector.swift */,
			);
			path = Collector;
			sourceTree = "<group>";
		};
		OBJ_18 /* Entity */ = {
			isa = PBXGroup;
			children = (
				OBJ_19 /* CocoaPods.swift */,
				OBJ_20 /* GitHub.swift */,
				OBJ_21 /* Library.swift */,
				OBJ_22 /* License.swift */,
			);
			path = Entity;
			sourceTree = "<group>";
		};
		OBJ_23 /* Extension */ = {
			isa = PBXGroup;
			children = (
				OBJ_24 /* APIKit.extension.swift */,
				OBJ_25 /* Extensions.swift */,
				OBJ_26 /* URL.extension.swift */,
			);
			path = Extension;
			sourceTree = "<group>";
		};
		OBJ_27 /* GitHubClient */ = {
			isa = PBXGroup;
			children = (
				OBJ_28 /* GitHubRequest.swift */,
				OBJ_29 /* RepoRequests.swift */,
				OBJ_30 /* SearchRequests.swift */,
			);
			path = GitHubClient;
			sourceTree = "<group>";
		};
		OBJ_31 /* Parser */ = {
			isa = PBXGroup;
			children = (
				OBJ_32 /* CocoaPods.parser.swift */,
				OBJ_33 /* GitHub.parser.swift */,
				OBJ_34 /* Parser.swift */,
			);
			path = Parser;
			sourceTree = "<group>";
		};
		OBJ_35 /* Tests */ = {
			isa = PBXGroup;
			children = (
				OBJ_36 /* LicensePlistTests */,
			);
			name = Tests;
			sourceTree = SOURCE_ROOT;
		};
		OBJ_36 /* LicensePlistTests */ = {
			isa = PBXGroup;
			children = (
				OBJ_37 /* GtiHubClientTests.swift */,
				OBJ_38 /* ResultOperationTests.swift */,
				OBJ_39 /* TemplateManagerTests.swift */,
				OBJ_40 /* TestUtil.swift */,
				OBJ_41 /* URL.extensionTests.swift */,
				OBJ_42 /* Collector */,
				OBJ_44 /* Parser */,
			);
			name = LicensePlistTests;
			path = Tests/LicensePlistTests;
			sourceTree = SOURCE_ROOT;
		};
		OBJ_42 /* Collector */ = {
			isa = PBXGroup;
			children = (
				OBJ_43 /* GitHubLicense.collectorTests.swift */,
			);
			path = Collector;
			sourceTree = "<group>";
		};
		OBJ_44 /* Parser */ = {
			isa = PBXGroup;
			children = (
				OBJ_45 /* CocoaPodsLicense.parserTests.swift */,
				OBJ_46 /* GitHub.parserTests.swift */,
			);
			path = Parser;
			sourceTree = "<group>";
		};
		OBJ_5 /*  */ = {
			isa = PBXGroup;
			children = (
				OBJ_6 /* Package.swift */,
				OBJ_7 /* Sources */,
				OBJ_35 /* Tests */,
				OBJ_47 /* com.mono0926.LicensePlist.Output */,
				OBJ_48 /* Pods */,
				OBJ_49 /* Template */,
				OBJ_50 /* Dependencies */,
				OBJ_125 /* Products */,
			);
			name = "";
			sourceTree = "<group>";
		};
		OBJ_50 /* Dependencies */ = {
			isa = PBXGroup;
			children = (
				OBJ_51 /* SWXMLHash 3.0.4 */,
				OBJ_54 /* HeliumLogger 1.7.0 */,
				OBJ_58 /* LoggerAPI 1.7.0 */,
				OBJ_61 /* APIKit 3.1.2 */,
				OBJ_90 /* Result 3.2.1 */,
				OBJ_94 /* Himotoki 3.0.1 */,
				OBJ_106 /* Commander 0.6.1 */,
				OBJ_116 /* Spectre 0.7.2 */,
			);
			name = Dependencies;
			sourceTree = "<group>";
		};
		OBJ_51 /* SWXMLHash 3.0.4 */ = {
			isa = PBXGroup;
			children = (
				OBJ_52 /* SWXMLHash+TypeConversion.swift */,
				OBJ_53 /* SWXMLHash.swift */,
			);
			name = "SWXMLHash 3.0.4";
			path = ".build/checkouts/SWXMLHash.git--4447522225536909962/Source";
			sourceTree = SOURCE_ROOT;
		};
		OBJ_54 /* HeliumLogger 1.7.0 */ = {
			isa = PBXGroup;
			children = (
				OBJ_55 /* HeliumLogger */,
			);
			name = "HeliumLogger 1.7.0";
			sourceTree = SOURCE_ROOT;
		};
		OBJ_55 /* HeliumLogger */ = {
			isa = PBXGroup;
			children = (
				OBJ_56 /* HeliumLogger.swift */,
				OBJ_57 /* HeliumStreamLogger.swift */,
			);
			name = HeliumLogger;
			path = ".build/checkouts/HeliumLogger.git--751651610598965649/Sources/HeliumLogger";
			sourceTree = SOURCE_ROOT;
		};
		OBJ_58 /* LoggerAPI 1.7.0 */ = {
			isa = PBXGroup;
			children = (
				OBJ_59 /* LoggerAPI */,
			);
			name = "LoggerAPI 1.7.0";
			sourceTree = SOURCE_ROOT;
		};
		OBJ_59 /* LoggerAPI */ = {
			isa = PBXGroup;
			children = (
				OBJ_60 /* Logger.swift */,
			);
			name = LoggerAPI;
			path = ".build/checkouts/LoggerAPI.git--6449715459278086880/Sources/LoggerAPI";
			sourceTree = SOURCE_ROOT;
		};
		OBJ_61 /* APIKit 3.1.2 */ = {
			isa = PBXGroup;
			children = (
				OBJ_62 /* APIKit */,
			);
			name = "APIKit 3.1.2";
			sourceTree = SOURCE_ROOT;
		};
		OBJ_62 /* APIKit */ = {
			isa = PBXGroup;
			children = (
				OBJ_63 /* CallbackQueue.swift */,
				OBJ_64 /* HTTPMethod.swift */,
				OBJ_65 /* Request.swift */,
				OBJ_66 /* Session.swift */,
				OBJ_67 /* Unavailable.swift */,
				OBJ_68 /* BodyParameters */,
				OBJ_75 /* DataParser */,
				OBJ_81 /* Error */,
				OBJ_85 /* Serializations */,
				OBJ_87 /* SessionAdapter */,
			);
			name = APIKit;
			path = ".build/checkouts/APIKit.git--5867995916541647569/Sources/APIKit";
			sourceTree = SOURCE_ROOT;
		};
		OBJ_68 /* BodyParameters */ = {
			isa = PBXGroup;
			children = (
				OBJ_69 /* BodyParameters.swift */,
				OBJ_70 /* Data+InputStream.swift */,
				OBJ_71 /* FormURLEncodedBodyParameters.swift */,
				OBJ_72 /* JSONBodyParameters.swift */,
				OBJ_73 /* MultipartFormDataBodyParameters.swift */,
				OBJ_74 /* ProtobufBodyParameters.swift */,
			);
			path = BodyParameters;
			sourceTree = "<group>";
		};
		OBJ_7 /* Sources */ = {
			isa = PBXGroup;
			children = (
				OBJ_8 /* LicensePlist */,
				OBJ_10 /* LicensePlistCore */,
			);
			name = Sources;
			sourceTree = SOURCE_ROOT;
		};
		OBJ_75 /* DataParser */ = {
			isa = PBXGroup;
			children = (
				OBJ_76 /* DataParser.swift */,
				OBJ_77 /* FormURLEncodedDataParser.swift */,
				OBJ_78 /* JSONDataParser.swift */,
				OBJ_79 /* ProtobufDataParser.swift */,
				OBJ_80 /* StringDataParser.swift */,
			);
			path = DataParser;
			sourceTree = "<group>";
		};
		OBJ_8 /* LicensePlist */ = {
			isa = PBXGroup;
			children = (
				OBJ_9 /* main.swift */,
			);
			name = LicensePlist;
			path = Sources/LicensePlist;
			sourceTree = SOURCE_ROOT;
		};
		OBJ_81 /* Error */ = {
			isa = PBXGroup;
			children = (
				OBJ_82 /* RequestError.swift */,
				OBJ_83 /* ResponseError.swift */,
				OBJ_84 /* SessionTaskError.swift */,
			);
			path = Error;
			sourceTree = "<group>";
		};
		OBJ_85 /* Serializations */ = {
			isa = PBXGroup;
			children = (
				OBJ_86 /* URLEncodedSerialization.swift */,
			);
			path = Serializations;
			sourceTree = "<group>";
		};
		OBJ_87 /* SessionAdapter */ = {
			isa = PBXGroup;
			children = (
				OBJ_88 /* SessionAdapter.swift */,
				OBJ_89 /* URLSessionAdapter.swift */,
			);
			path = SessionAdapter;
			sourceTree = "<group>";
		};
		OBJ_90 /* Result 3.2.1 */ = {
			isa = PBXGroup;
			children = (
				OBJ_91 /* Result */,
			);
			name = "Result 3.2.1";
			sourceTree = SOURCE_ROOT;
		};
		OBJ_91 /* Result */ = {
			isa = PBXGroup;
			children = (
				OBJ_92 /* Result.swift */,
				OBJ_93 /* ResultProtocol.swift */,
			);
			name = Result;
			path = ".build/checkouts/Result.git-8684547452332391156/Result";
			sourceTree = SOURCE_ROOT;
		};
		OBJ_94 /* Himotoki 3.0.1 */ = {
			isa = PBXGroup;
			children = (
				OBJ_95 /* Casting.swift */,
				OBJ_96 /* Decodable.swift */,
				OBJ_97 /* decode.swift */,
				OBJ_98 /* DecodeError.swift */,
				OBJ_99 /* Extractor.swift */,
				OBJ_100 /* KeyPath.swift */,
				OBJ_101 /* NSNumber.swift */,
				OBJ_102 /* Operators.swift */,
				OBJ_103 /* RawRepresentable.swift */,
				OBJ_104 /* StandardLib.swift */,
				OBJ_105 /* Transformer.swift */,
			);
			name = "Himotoki 3.0.1";
			path = ".build/checkouts/Himotoki.git-9171745471410878028/Sources";
			sourceTree = SOURCE_ROOT;
		};
/* End PBXGroup section */

/* Begin PBXNativeTarget section */
		OBJ_137 /* Spectre */ = {
			isa = PBXNativeTarget;
			buildConfigurationList = OBJ_138 /* Build configuration list for PBXNativeTarget "Spectre" */;
			buildPhases = (
				OBJ_141 /* Sources */,
				OBJ_150 /* Frameworks */,
			);
			buildRules = (
			);
			dependencies = (
			);
			name = Spectre;
			productName = Spectre;
			productReference = OBJ_126 /* Spectre.framework */;
			productType = "com.apple.product-type.framework";
		};
		OBJ_151 /* Commander */ = {
			isa = PBXNativeTarget;
			buildConfigurationList = OBJ_152 /* Build configuration list for PBXNativeTarget "Commander" */;
			buildPhases = (
				OBJ_155 /* Sources */,
				OBJ_165 /* Frameworks */,
			);
			buildRules = (
			);
			dependencies = (
				OBJ_167 /* PBXTargetDependency */,
			);
			name = Commander;
			productName = Commander;
			productReference = OBJ_127 /* Commander.framework */;
			productType = "com.apple.product-type.framework";
		};
		OBJ_168 /* Himotoki */ = {
			isa = PBXNativeTarget;
			buildConfigurationList = OBJ_169 /* Build configuration list for PBXNativeTarget "Himotoki" */;
			buildPhases = (
				OBJ_172 /* Sources */,
				OBJ_184 /* Frameworks */,
			);
			buildRules = (
			);
			dependencies = (
			);
			name = Himotoki;
			productName = Himotoki;
			productReference = OBJ_128 /* Himotoki.framework */;
			productType = "com.apple.product-type.framework";
		};
		OBJ_185 /* Result */ = {
			isa = PBXNativeTarget;
			buildConfigurationList = OBJ_186 /* Build configuration list for PBXNativeTarget "Result" */;
			buildPhases = (
				OBJ_189 /* Sources */,
				OBJ_192 /* Frameworks */,
			);
			buildRules = (
			);
			dependencies = (
			);
			name = Result;
			productName = Result;
			productReference = OBJ_129 /* Result.framework */;
			productType = "com.apple.product-type.framework";
		};
		OBJ_193 /* APIKit */ = {
			isa = PBXNativeTarget;
			buildConfigurationList = OBJ_194 /* Build configuration list for PBXNativeTarget "APIKit" */;
			buildPhases = (
				OBJ_197 /* Sources */,
				OBJ_220 /* Frameworks */,
			);
			buildRules = (
			);
			dependencies = (
				OBJ_222 /* PBXTargetDependency */,
			);
			name = APIKit;
			productName = APIKit;
			productReference = OBJ_130 /* APIKit.framework */;
			productType = "com.apple.product-type.framework";
		};
		OBJ_223 /* LoggerAPI */ = {
			isa = PBXNativeTarget;
			buildConfigurationList = OBJ_224 /* Build configuration list for PBXNativeTarget "LoggerAPI" */;
			buildPhases = (
				OBJ_227 /* Sources */,
				OBJ_229 /* Frameworks */,
			);
			buildRules = (
			);
			dependencies = (
			);
			name = LoggerAPI;
			productName = LoggerAPI;
			productReference = OBJ_131 /* LoggerAPI.framework */;
			productType = "com.apple.product-type.framework";
		};
		OBJ_230 /* HeliumLogger */ = {
			isa = PBXNativeTarget;
			buildConfigurationList = OBJ_231 /* Build configuration list for PBXNativeTarget "HeliumLogger" */;
			buildPhases = (
				OBJ_234 /* Sources */,
				OBJ_237 /* Frameworks */,
			);
			buildRules = (
			);
			dependencies = (
				OBJ_239 /* PBXTargetDependency */,
			);
			name = HeliumLogger;
			productName = HeliumLogger;
			productReference = OBJ_132 /* HeliumLogger.framework */;
			productType = "com.apple.product-type.framework";
		};
		OBJ_240 /* SWXMLHash */ = {
			isa = PBXNativeTarget;
			buildConfigurationList = OBJ_241 /* Build configuration list for PBXNativeTarget "SWXMLHash" */;
			buildPhases = (
				OBJ_244 /* Sources */,
				OBJ_247 /* Frameworks */,
			);
			buildRules = (
			);
			dependencies = (
			);
			name = SWXMLHash;
			productName = SWXMLHash;
			productReference = OBJ_133 /* SWXMLHash.framework */;
			productType = "com.apple.product-type.framework";
		};
		OBJ_248 /* LicensePlist */ = {
			isa = PBXNativeTarget;
			buildConfigurationList = OBJ_249 /* Build configuration list for PBXNativeTarget "LicensePlist" */;
			buildPhases = (
				OBJ_252 /* Sources */,
				OBJ_254 /* Frameworks */,
			);
			buildRules = (
			);
			dependencies = (
				OBJ_264 /* PBXTargetDependency */,
				OBJ_265 /* PBXTargetDependency */,
				OBJ_266 /* PBXTargetDependency */,
				OBJ_267 /* PBXTargetDependency */,
				OBJ_268 /* PBXTargetDependency */,
				OBJ_269 /* PBXTargetDependency */,
				OBJ_270 /* PBXTargetDependency */,
				OBJ_271 /* PBXTargetDependency */,
				OBJ_272 /* PBXTargetDependency */,
			);
			name = LicensePlist;
			productName = LicensePlist;
			productReference = OBJ_134 /* LicensePlist */;
			productType = "com.apple.product-type.tool";
		};
		OBJ_273 /* LicensePlistCore */ = {
			isa = PBXNativeTarget;
			buildConfigurationList = OBJ_274 /* Build configuration list for PBXNativeTarget "LicensePlistCore" */;
			buildPhases = (
				OBJ_277 /* Sources */,
				OBJ_297 /* Frameworks */,
			);
			buildRules = (
			);
			dependencies = (
				OBJ_306 /* PBXTargetDependency */,
				OBJ_307 /* PBXTargetDependency */,
				OBJ_308 /* PBXTargetDependency */,
				OBJ_309 /* PBXTargetDependency */,
				OBJ_310 /* PBXTargetDependency */,
				OBJ_311 /* PBXTargetDependency */,
				OBJ_312 /* PBXTargetDependency */,
				OBJ_313 /* PBXTargetDependency */,
			);
			name = LicensePlistCore;
			productName = LicensePlistCore;
			productReference = OBJ_135 /* LicensePlistCore.framework */;
			productType = "com.apple.product-type.framework";
		};
		OBJ_314 /* LicensePlistTests */ = {
			isa = PBXNativeTarget;
			buildConfigurationList = OBJ_315 /* Build configuration list for PBXNativeTarget "LicensePlistTests" */;
			buildPhases = (
				OBJ_318 /* Sources */,
				OBJ_327 /* Frameworks */,
			);
			buildRules = (
			);
			dependencies = (
				OBJ_337 /* PBXTargetDependency */,
				OBJ_338 /* PBXTargetDependency */,
				OBJ_339 /* PBXTargetDependency */,
				OBJ_340 /* PBXTargetDependency */,
				OBJ_341 /* PBXTargetDependency */,
				OBJ_342 /* PBXTargetDependency */,
				OBJ_343 /* PBXTargetDependency */,
				OBJ_344 /* PBXTargetDependency */,
				OBJ_345 /* PBXTargetDependency */,
				OBJ_346 /* PBXTargetDependency */,
			);
			name = LicensePlistTests;
			productName = LicensePlistTests;
			productReference = OBJ_136 /* LicensePlistTests.xctest */;
			productType = "com.apple.product-type.bundle.unit-test";
		};
/* End PBXNativeTarget section */

/* Begin PBXProject section */
		OBJ_1 /* Project object */ = {
			isa = PBXProject;
			attributes = {
				LastUpgradeCheck = 9999;
			};
			buildConfigurationList = OBJ_2 /* Build configuration list for PBXProject "LicensePlist" */;
			compatibilityVersion = "Xcode 3.2";
			developmentRegion = English;
			hasScannedForEncodings = 0;
			knownRegions = (
				en,
			);
			mainGroup = OBJ_5 /*  */;
			productRefGroup = OBJ_125 /* Products */;
			projectDirPath = "";
			projectRoot = "";
			targets = (
				OBJ_137 /* Spectre */,
				OBJ_151 /* Commander */,
				OBJ_168 /* Himotoki */,
				OBJ_185 /* Result */,
				OBJ_193 /* APIKit */,
				OBJ_223 /* LoggerAPI */,
				OBJ_230 /* HeliumLogger */,
				OBJ_240 /* SWXMLHash */,
				OBJ_248 /* LicensePlist */,
				OBJ_273 /* LicensePlistCore */,
				OBJ_314 /* LicensePlistTests */,
			);
		};
/* End PBXProject section */

/* Begin PBXSourcesBuildPhase section */
		OBJ_141 /* Sources */ = {
			isa = PBXSourcesBuildPhase;
			buildActionMask = 0;
			files = (
				OBJ_142 /* Case.swift in Sources */,
				OBJ_143 /* Context.swift in Sources */,
				OBJ_144 /* Expectation.swift in Sources */,
				OBJ_145 /* Failure.swift in Sources */,
				OBJ_146 /* Global.swift in Sources */,
				OBJ_147 /* GlobalContext.swift in Sources */,
				OBJ_148 /* Reporter.swift in Sources */,
				OBJ_149 /* Reporters.swift in Sources */,
			);
			runOnlyForDeploymentPostprocessing = 0;
		};
		OBJ_155 /* Sources */ = {
			isa = PBXSourcesBuildPhase;
			buildActionMask = 0;
			files = (
				OBJ_156 /* ArgumentConvertible.swift in Sources */,
				OBJ_157 /* ArgumentDescription.swift in Sources */,
				OBJ_158 /* ArgumentParser.swift in Sources */,
				OBJ_159 /* Command.swift in Sources */,
				OBJ_160 /* CommandRunner.swift in Sources */,
				OBJ_161 /* Commands.swift in Sources */,
				OBJ_162 /* CommandType.swift in Sources */,
				OBJ_163 /* Error.swift in Sources */,
				OBJ_164 /* Group.swift in Sources */,
			);
			runOnlyForDeploymentPostprocessing = 0;
		};
		OBJ_172 /* Sources */ = {
			isa = PBXSourcesBuildPhase;
			buildActionMask = 0;
			files = (
				OBJ_173 /* Casting.swift in Sources */,
				OBJ_174 /* Decodable.swift in Sources */,
				OBJ_175 /* decode.swift in Sources */,
				OBJ_176 /* DecodeError.swift in Sources */,
				OBJ_177 /* Extractor.swift in Sources */,
				OBJ_178 /* KeyPath.swift in Sources */,
				OBJ_179 /* NSNumber.swift in Sources */,
				OBJ_180 /* Operators.swift in Sources */,
				OBJ_181 /* RawRepresentable.swift in Sources */,
				OBJ_182 /* StandardLib.swift in Sources */,
				OBJ_183 /* Transformer.swift in Sources */,
			);
			runOnlyForDeploymentPostprocessing = 0;
		};
		OBJ_189 /* Sources */ = {
			isa = PBXSourcesBuildPhase;
			buildActionMask = 0;
			files = (
				OBJ_190 /* Result.swift in Sources */,
				OBJ_191 /* ResultProtocol.swift in Sources */,
			);
			runOnlyForDeploymentPostprocessing = 0;
		};
		OBJ_197 /* Sources */ = {
			isa = PBXSourcesBuildPhase;
			buildActionMask = 0;
			files = (
				OBJ_198 /* CallbackQueue.swift in Sources */,
				OBJ_199 /* HTTPMethod.swift in Sources */,
				OBJ_200 /* Request.swift in Sources */,
				OBJ_201 /* Session.swift in Sources */,
				OBJ_202 /* Unavailable.swift in Sources */,
				OBJ_203 /* BodyParameters.swift in Sources */,
				OBJ_204 /* Data+InputStream.swift in Sources */,
				OBJ_205 /* FormURLEncodedBodyParameters.swift in Sources */,
				OBJ_206 /* JSONBodyParameters.swift in Sources */,
				OBJ_207 /* MultipartFormDataBodyParameters.swift in Sources */,
				OBJ_208 /* ProtobufBodyParameters.swift in Sources */,
				OBJ_209 /* DataParser.swift in Sources */,
				OBJ_210 /* FormURLEncodedDataParser.swift in Sources */,
				OBJ_211 /* JSONDataParser.swift in Sources */,
				OBJ_212 /* ProtobufDataParser.swift in Sources */,
				OBJ_213 /* StringDataParser.swift in Sources */,
				OBJ_214 /* RequestError.swift in Sources */,
				OBJ_215 /* ResponseError.swift in Sources */,
				OBJ_216 /* SessionTaskError.swift in Sources */,
				OBJ_217 /* URLEncodedSerialization.swift in Sources */,
				OBJ_218 /* SessionAdapter.swift in Sources */,
				OBJ_219 /* URLSessionAdapter.swift in Sources */,
			);
			runOnlyForDeploymentPostprocessing = 0;
		};
		OBJ_227 /* Sources */ = {
			isa = PBXSourcesBuildPhase;
			buildActionMask = 0;
			files = (
				OBJ_228 /* Logger.swift in Sources */,
			);
			runOnlyForDeploymentPostprocessing = 0;
		};
		OBJ_234 /* Sources */ = {
			isa = PBXSourcesBuildPhase;
			buildActionMask = 0;
			files = (
				OBJ_235 /* HeliumLogger.swift in Sources */,
				OBJ_236 /* HeliumStreamLogger.swift in Sources */,
			);
			runOnlyForDeploymentPostprocessing = 0;
		};
		OBJ_244 /* Sources */ = {
			isa = PBXSourcesBuildPhase;
			buildActionMask = 0;
			files = (
				OBJ_245 /* SWXMLHash+TypeConversion.swift in Sources */,
				OBJ_246 /* SWXMLHash.swift in Sources */,
			);
			runOnlyForDeploymentPostprocessing = 0;
		};
		OBJ_252 /* Sources */ = {
			isa = PBXSourcesBuildPhase;
			buildActionMask = 0;
			files = (
				OBJ_253 /* main.swift in Sources */,
			);
			runOnlyForDeploymentPostprocessing = 0;
		};
		OBJ_277 /* Sources */ = {
			isa = PBXSourcesBuildPhase;
			buildActionMask = 0;
			files = (
				OBJ_278 /* LicensePlist.swift in Sources */,
				OBJ_279 /* Logger.swift in Sources */,
				OBJ_280 /* ResultOperation.swift in Sources */,
				OBJ_281 /* TemplateManager.swift in Sources */,
				OBJ_282 /* Collector.swift in Sources */,
				OBJ_283 /* GitHubLicense.collector.swift in Sources */,
				OBJ_284 /* CocoaPods.swift in Sources */,
				OBJ_285 /* GitHub.swift in Sources */,
				OBJ_286 /* Library.swift in Sources */,
				OBJ_287 /* License.swift in Sources */,
				OBJ_288 /* APIKit.extension.swift in Sources */,
				OBJ_289 /* Extensions.swift in Sources */,
				OBJ_290 /* URL.extension.swift in Sources */,
				OBJ_291 /* GitHubRequest.swift in Sources */,
				OBJ_292 /* RepoRequests.swift in Sources */,
				OBJ_293 /* SearchRequests.swift in Sources */,
				OBJ_294 /* CocoaPods.parser.swift in Sources */,
				OBJ_295 /* GitHub.parser.swift in Sources */,
				OBJ_296 /* Parser.swift in Sources */,
			);
			runOnlyForDeploymentPostprocessing = 0;
		};
		OBJ_318 /* Sources */ = {
			isa = PBXSourcesBuildPhase;
			buildActionMask = 0;
			files = (
				OBJ_319 /* GtiHubClientTests.swift in Sources */,
				OBJ_320 /* ResultOperationTests.swift in Sources */,
				OBJ_321 /* TemplateManagerTests.swift in Sources */,
				OBJ_322 /* TestUtil.swift in Sources */,
				OBJ_323 /* URL.extensionTests.swift in Sources */,
				OBJ_324 /* GitHubLicense.collectorTests.swift in Sources */,
				OBJ_325 /* CocoaPodsLicense.parserTests.swift in Sources */,
				OBJ_326 /* GitHub.parserTests.swift in Sources */,
			);
			runOnlyForDeploymentPostprocessing = 0;
		};
/* End PBXSourcesBuildPhase section */

/* Begin PBXTargetDependency section */
		OBJ_167 /* PBXTargetDependency */ = {
			isa = PBXTargetDependency;
			target = OBJ_137 /* Spectre */;
			targetProxy = FED9326E1EBAE0290077F9A1 /* PBXContainerItemProxy */;
		};
		OBJ_222 /* PBXTargetDependency */ = {
			isa = PBXTargetDependency;
			target = OBJ_185 /* Result */;
			targetProxy = FED9326F1EBAE0290077F9A1 /* PBXContainerItemProxy */;
		};
		OBJ_239 /* PBXTargetDependency */ = {
			isa = PBXTargetDependency;
			target = OBJ_223 /* LoggerAPI */;
			targetProxy = FED932701EBAE0290077F9A1 /* PBXContainerItemProxy */;
		};
		OBJ_264 /* PBXTargetDependency */ = {
			isa = PBXTargetDependency;
			target = OBJ_137 /* Spectre */;
			targetProxy = FED932711EBAE0290077F9A1 /* PBXContainerItemProxy */;
		};
		OBJ_265 /* PBXTargetDependency */ = {
			isa = PBXTargetDependency;
			target = OBJ_151 /* Commander */;
			targetProxy = FED932721EBAE0290077F9A1 /* PBXContainerItemProxy */;
		};
		OBJ_266 /* PBXTargetDependency */ = {
			isa = PBXTargetDependency;
			target = OBJ_168 /* Himotoki */;
			targetProxy = FED932731EBAE0290077F9A1 /* PBXContainerItemProxy */;
		};
		OBJ_267 /* PBXTargetDependency */ = {
			isa = PBXTargetDependency;
			target = OBJ_185 /* Result */;
			targetProxy = FED932741EBAE0290077F9A1 /* PBXContainerItemProxy */;
		};
		OBJ_268 /* PBXTargetDependency */ = {
			isa = PBXTargetDependency;
			target = OBJ_193 /* APIKit */;
			targetProxy = FED932751EBAE0290077F9A1 /* PBXContainerItemProxy */;
		};
		OBJ_269 /* PBXTargetDependency */ = {
			isa = PBXTargetDependency;
			target = OBJ_223 /* LoggerAPI */;
			targetProxy = FED932761EBAE0290077F9A1 /* PBXContainerItemProxy */;
		};
		OBJ_270 /* PBXTargetDependency */ = {
			isa = PBXTargetDependency;
			target = OBJ_230 /* HeliumLogger */;
			targetProxy = FED932771EBAE0290077F9A1 /* PBXContainerItemProxy */;
		};
		OBJ_271 /* PBXTargetDependency */ = {
			isa = PBXTargetDependency;
			target = OBJ_240 /* SWXMLHash */;
			targetProxy = FED932781EBAE0290077F9A1 /* PBXContainerItemProxy */;
		};
		OBJ_272 /* PBXTargetDependency */ = {
			isa = PBXTargetDependency;
			target = OBJ_273 /* LicensePlistCore */;
			targetProxy = FED932791EBAE0290077F9A1 /* PBXContainerItemProxy */;
		};
		OBJ_306 /* PBXTargetDependency */ = {
			isa = PBXTargetDependency;
			target = OBJ_137 /* Spectre */;
			targetProxy = FED9327A1EBAE0290077F9A1 /* PBXContainerItemProxy */;
		};
		OBJ_307 /* PBXTargetDependency */ = {
			isa = PBXTargetDependency;
			target = OBJ_151 /* Commander */;
			targetProxy = FED9327B1EBAE0290077F9A1 /* PBXContainerItemProxy */;
		};
		OBJ_308 /* PBXTargetDependency */ = {
			isa = PBXTargetDependency;
			target = OBJ_168 /* Himotoki */;
			targetProxy = FED9327C1EBAE0290077F9A1 /* PBXContainerItemProxy */;
		};
		OBJ_309 /* PBXTargetDependency */ = {
			isa = PBXTargetDependency;
			target = OBJ_185 /* Result */;
			targetProxy = FED9327D1EBAE0290077F9A1 /* PBXContainerItemProxy */;
		};
		OBJ_310 /* PBXTargetDependency */ = {
			isa = PBXTargetDependency;
			target = OBJ_193 /* APIKit */;
			targetProxy = FED9327E1EBAE0290077F9A1 /* PBXContainerItemProxy */;
		};
		OBJ_311 /* PBXTargetDependency */ = {
			isa = PBXTargetDependency;
			target = OBJ_223 /* LoggerAPI */;
			targetProxy = FED9327F1EBAE0290077F9A1 /* PBXContainerItemProxy */;
		};
		OBJ_312 /* PBXTargetDependency */ = {
			isa = PBXTargetDependency;
			target = OBJ_230 /* HeliumLogger */;
			targetProxy = FED932801EBAE0290077F9A1 /* PBXContainerItemProxy */;
		};
		OBJ_313 /* PBXTargetDependency */ = {
			isa = PBXTargetDependency;
			target = OBJ_240 /* SWXMLHash */;
			targetProxy = FED932811EBAE0290077F9A1 /* PBXContainerItemProxy */;
		};
		OBJ_337 /* PBXTargetDependency */ = {
			isa = PBXTargetDependency;
			target = OBJ_137 /* Spectre */;
			targetProxy = FED932821EBAE0290077F9A1 /* PBXContainerItemProxy */;
		};
		OBJ_338 /* PBXTargetDependency */ = {
			isa = PBXTargetDependency;
			target = OBJ_151 /* Commander */;
			targetProxy = FED932831EBAE0290077F9A1 /* PBXContainerItemProxy */;
		};
		OBJ_339 /* PBXTargetDependency */ = {
			isa = PBXTargetDependency;
			target = OBJ_168 /* Himotoki */;
			targetProxy = FED932841EBAE0290077F9A1 /* PBXContainerItemProxy */;
		};
		OBJ_340 /* PBXTargetDependency */ = {
			isa = PBXTargetDependency;
			target = OBJ_185 /* Result */;
			targetProxy = FED932851EBAE0290077F9A1 /* PBXContainerItemProxy */;
		};
		OBJ_341 /* PBXTargetDependency */ = {
			isa = PBXTargetDependency;
			target = OBJ_193 /* APIKit */;
			targetProxy = FED932861EBAE0290077F9A1 /* PBXContainerItemProxy */;
		};
		OBJ_342 /* PBXTargetDependency */ = {
			isa = PBXTargetDependency;
			target = OBJ_223 /* LoggerAPI */;
			targetProxy = FED932871EBAE0290077F9A1 /* PBXContainerItemProxy */;
		};
		OBJ_343 /* PBXTargetDependency */ = {
			isa = PBXTargetDependency;
			target = OBJ_230 /* HeliumLogger */;
			targetProxy = FED932881EBAE0290077F9A1 /* PBXContainerItemProxy */;
		};
		OBJ_344 /* PBXTargetDependency */ = {
			isa = PBXTargetDependency;
			target = OBJ_240 /* SWXMLHash */;
			targetProxy = FED932891EBAE0290077F9A1 /* PBXContainerItemProxy */;
		};
		OBJ_345 /* PBXTargetDependency */ = {
			isa = PBXTargetDependency;
			target = OBJ_273 /* LicensePlistCore */;
			targetProxy = FED9328A1EBAE0290077F9A1 /* PBXContainerItemProxy */;
		};
		OBJ_346 /* PBXTargetDependency */ = {
			isa = PBXTargetDependency;
			target = OBJ_248 /* LicensePlist */;
			targetProxy = FED9328B1EBAE0290077F9A1 /* PBXContainerItemProxy */;
		};
/* End PBXTargetDependency section */

/* Begin XCBuildConfiguration section */
		OBJ_139 /* Debug */ = {
			isa = XCBuildConfiguration;
			buildSettings = {
				ENABLE_TESTABILITY = YES;
				FRAMEWORK_SEARCH_PATHS = (
					"$(inherited)",
					"$(PLATFORM_DIR)/Developer/Library/Frameworks",
				);
				HEADER_SEARCH_PATHS = "$(inherited)";
				INFOPLIST_FILE = LicensePlist.xcodeproj/Spectre_Info.plist;
				LD_RUNPATH_SEARCH_PATHS = "$(TOOLCHAIN_DIR)/usr/lib/swift/macosx";
				OTHER_LDFLAGS = "$(inherited)";
				OTHER_SWIFT_FLAGS = "$(inherited)";
				PRODUCT_BUNDLE_IDENTIFIER = Spectre;
				PRODUCT_MODULE_NAME = "$(TARGET_NAME:c99extidentifier)";
				PRODUCT_NAME = "$(TARGET_NAME:c99extidentifier)";
				SKIP_INSTALL = YES;
				TARGET_NAME = Spectre;
			};
			name = Debug;
		};
		OBJ_140 /* Release */ = {
			isa = XCBuildConfiguration;
			buildSettings = {
				ENABLE_TESTABILITY = YES;
				FRAMEWORK_SEARCH_PATHS = (
					"$(inherited)",
					"$(PLATFORM_DIR)/Developer/Library/Frameworks",
				);
				HEADER_SEARCH_PATHS = "$(inherited)";
				INFOPLIST_FILE = LicensePlist.xcodeproj/Spectre_Info.plist;
				LD_RUNPATH_SEARCH_PATHS = "$(TOOLCHAIN_DIR)/usr/lib/swift/macosx";
				OTHER_LDFLAGS = "$(inherited)";
				OTHER_SWIFT_FLAGS = "$(inherited)";
				PRODUCT_BUNDLE_IDENTIFIER = Spectre;
				PRODUCT_MODULE_NAME = "$(TARGET_NAME:c99extidentifier)";
				PRODUCT_NAME = "$(TARGET_NAME:c99extidentifier)";
				SKIP_INSTALL = YES;
				TARGET_NAME = Spectre;
			};
			name = Release;
		};
		OBJ_153 /* Debug */ = {
			isa = XCBuildConfiguration;
			buildSettings = {
				ENABLE_TESTABILITY = YES;
				FRAMEWORK_SEARCH_PATHS = (
					"$(inherited)",
					"$(PLATFORM_DIR)/Developer/Library/Frameworks",
				);
				HEADER_SEARCH_PATHS = "$(inherited)";
				INFOPLIST_FILE = LicensePlist.xcodeproj/Commander_Info.plist;
				LD_RUNPATH_SEARCH_PATHS = "$(TOOLCHAIN_DIR)/usr/lib/swift/macosx";
				OTHER_LDFLAGS = "$(inherited)";
				OTHER_SWIFT_FLAGS = "$(inherited)";
				PRODUCT_BUNDLE_IDENTIFIER = Commander;
				PRODUCT_MODULE_NAME = "$(TARGET_NAME:c99extidentifier)";
				PRODUCT_NAME = "$(TARGET_NAME:c99extidentifier)";
				SKIP_INSTALL = YES;
				TARGET_NAME = Commander;
			};
			name = Debug;
		};
		OBJ_154 /* Release */ = {
			isa = XCBuildConfiguration;
			buildSettings = {
				ENABLE_TESTABILITY = YES;
				FRAMEWORK_SEARCH_PATHS = (
					"$(inherited)",
					"$(PLATFORM_DIR)/Developer/Library/Frameworks",
				);
				HEADER_SEARCH_PATHS = "$(inherited)";
				INFOPLIST_FILE = LicensePlist.xcodeproj/Commander_Info.plist;
				LD_RUNPATH_SEARCH_PATHS = "$(TOOLCHAIN_DIR)/usr/lib/swift/macosx";
				OTHER_LDFLAGS = "$(inherited)";
				OTHER_SWIFT_FLAGS = "$(inherited)";
				PRODUCT_BUNDLE_IDENTIFIER = Commander;
				PRODUCT_MODULE_NAME = "$(TARGET_NAME:c99extidentifier)";
				PRODUCT_NAME = "$(TARGET_NAME:c99extidentifier)";
				SKIP_INSTALL = YES;
				TARGET_NAME = Commander;
			};
			name = Release;
		};
		OBJ_170 /* Debug */ = {
			isa = XCBuildConfiguration;
			buildSettings = {
				ENABLE_TESTABILITY = YES;
				FRAMEWORK_SEARCH_PATHS = (
					"$(inherited)",
					"$(PLATFORM_DIR)/Developer/Library/Frameworks",
				);
				HEADER_SEARCH_PATHS = "$(inherited)";
				INFOPLIST_FILE = LicensePlist.xcodeproj/Himotoki_Info.plist;
				LD_RUNPATH_SEARCH_PATHS = "$(TOOLCHAIN_DIR)/usr/lib/swift/macosx";
				OTHER_LDFLAGS = "$(inherited)";
				OTHER_SWIFT_FLAGS = "$(inherited)";
				PRODUCT_BUNDLE_IDENTIFIER = Himotoki;
				PRODUCT_MODULE_NAME = "$(TARGET_NAME:c99extidentifier)";
				PRODUCT_NAME = "$(TARGET_NAME:c99extidentifier)";
				SKIP_INSTALL = YES;
				TARGET_NAME = Himotoki;
			};
			name = Debug;
		};
		OBJ_171 /* Release */ = {
			isa = XCBuildConfiguration;
			buildSettings = {
				ENABLE_TESTABILITY = YES;
				FRAMEWORK_SEARCH_PATHS = (
					"$(inherited)",
					"$(PLATFORM_DIR)/Developer/Library/Frameworks",
				);
				HEADER_SEARCH_PATHS = "$(inherited)";
				INFOPLIST_FILE = LicensePlist.xcodeproj/Himotoki_Info.plist;
				LD_RUNPATH_SEARCH_PATHS = "$(TOOLCHAIN_DIR)/usr/lib/swift/macosx";
				OTHER_LDFLAGS = "$(inherited)";
				OTHER_SWIFT_FLAGS = "$(inherited)";
				PRODUCT_BUNDLE_IDENTIFIER = Himotoki;
				PRODUCT_MODULE_NAME = "$(TARGET_NAME:c99extidentifier)";
				PRODUCT_NAME = "$(TARGET_NAME:c99extidentifier)";
				SKIP_INSTALL = YES;
				TARGET_NAME = Himotoki;
			};
			name = Release;
		};
		OBJ_187 /* Debug */ = {
			isa = XCBuildConfiguration;
			buildSettings = {
				ENABLE_TESTABILITY = YES;
				FRAMEWORK_SEARCH_PATHS = (
					"$(inherited)",
					"$(PLATFORM_DIR)/Developer/Library/Frameworks",
				);
				HEADER_SEARCH_PATHS = "$(inherited)";
				INFOPLIST_FILE = LicensePlist.xcodeproj/Result_Info.plist;
				LD_RUNPATH_SEARCH_PATHS = "$(TOOLCHAIN_DIR)/usr/lib/swift/macosx";
				OTHER_LDFLAGS = "$(inherited)";
				OTHER_SWIFT_FLAGS = "$(inherited)";
				PRODUCT_BUNDLE_IDENTIFIER = Result;
				PRODUCT_MODULE_NAME = "$(TARGET_NAME:c99extidentifier)";
				PRODUCT_NAME = "$(TARGET_NAME:c99extidentifier)";
				SKIP_INSTALL = YES;
				TARGET_NAME = Result;
			};
			name = Debug;
		};
		OBJ_188 /* Release */ = {
			isa = XCBuildConfiguration;
			buildSettings = {
				ENABLE_TESTABILITY = YES;
				FRAMEWORK_SEARCH_PATHS = (
					"$(inherited)",
					"$(PLATFORM_DIR)/Developer/Library/Frameworks",
				);
				HEADER_SEARCH_PATHS = "$(inherited)";
				INFOPLIST_FILE = LicensePlist.xcodeproj/Result_Info.plist;
				LD_RUNPATH_SEARCH_PATHS = "$(TOOLCHAIN_DIR)/usr/lib/swift/macosx";
				OTHER_LDFLAGS = "$(inherited)";
				OTHER_SWIFT_FLAGS = "$(inherited)";
				PRODUCT_BUNDLE_IDENTIFIER = Result;
				PRODUCT_MODULE_NAME = "$(TARGET_NAME:c99extidentifier)";
				PRODUCT_NAME = "$(TARGET_NAME:c99extidentifier)";
				SKIP_INSTALL = YES;
				TARGET_NAME = Result;
			};
			name = Release;
		};
		OBJ_195 /* Debug */ = {
			isa = XCBuildConfiguration;
			buildSettings = {
				ENABLE_TESTABILITY = YES;
				FRAMEWORK_SEARCH_PATHS = (
					"$(inherited)",
					"$(PLATFORM_DIR)/Developer/Library/Frameworks",
				);
				HEADER_SEARCH_PATHS = "$(inherited)";
				INFOPLIST_FILE = LicensePlist.xcodeproj/APIKit_Info.plist;
				LD_RUNPATH_SEARCH_PATHS = "$(TOOLCHAIN_DIR)/usr/lib/swift/macosx";
				OTHER_LDFLAGS = "$(inherited)";
				OTHER_SWIFT_FLAGS = "$(inherited)";
				PRODUCT_BUNDLE_IDENTIFIER = APIKit;
				PRODUCT_MODULE_NAME = "$(TARGET_NAME:c99extidentifier)";
				PRODUCT_NAME = "$(TARGET_NAME:c99extidentifier)";
				SKIP_INSTALL = YES;
				TARGET_NAME = APIKit;
			};
			name = Debug;
		};
		OBJ_196 /* Release */ = {
			isa = XCBuildConfiguration;
			buildSettings = {
				ENABLE_TESTABILITY = YES;
				FRAMEWORK_SEARCH_PATHS = (
					"$(inherited)",
					"$(PLATFORM_DIR)/Developer/Library/Frameworks",
				);
				HEADER_SEARCH_PATHS = "$(inherited)";
				INFOPLIST_FILE = LicensePlist.xcodeproj/APIKit_Info.plist;
				LD_RUNPATH_SEARCH_PATHS = "$(TOOLCHAIN_DIR)/usr/lib/swift/macosx";
				OTHER_LDFLAGS = "$(inherited)";
				OTHER_SWIFT_FLAGS = "$(inherited)";
				PRODUCT_BUNDLE_IDENTIFIER = APIKit;
				PRODUCT_MODULE_NAME = "$(TARGET_NAME:c99extidentifier)";
				PRODUCT_NAME = "$(TARGET_NAME:c99extidentifier)";
				SKIP_INSTALL = YES;
				TARGET_NAME = APIKit;
			};
			name = Release;
		};
		OBJ_225 /* Debug */ = {
			isa = XCBuildConfiguration;
			buildSettings = {
				ENABLE_TESTABILITY = YES;
				FRAMEWORK_SEARCH_PATHS = (
					"$(inherited)",
					"$(PLATFORM_DIR)/Developer/Library/Frameworks",
				);
				HEADER_SEARCH_PATHS = "$(inherited)";
				INFOPLIST_FILE = LicensePlist.xcodeproj/LoggerAPI_Info.plist;
				LD_RUNPATH_SEARCH_PATHS = "$(TOOLCHAIN_DIR)/usr/lib/swift/macosx";
				OTHER_LDFLAGS = "$(inherited)";
				OTHER_SWIFT_FLAGS = "$(inherited)";
				PRODUCT_BUNDLE_IDENTIFIER = LoggerAPI;
				PRODUCT_MODULE_NAME = "$(TARGET_NAME:c99extidentifier)";
				PRODUCT_NAME = "$(TARGET_NAME:c99extidentifier)";
				SKIP_INSTALL = YES;
				TARGET_NAME = LoggerAPI;
			};
			name = Debug;
		};
		OBJ_226 /* Release */ = {
			isa = XCBuildConfiguration;
			buildSettings = {
				ENABLE_TESTABILITY = YES;
				FRAMEWORK_SEARCH_PATHS = (
					"$(inherited)",
					"$(PLATFORM_DIR)/Developer/Library/Frameworks",
				);
				HEADER_SEARCH_PATHS = "$(inherited)";
				INFOPLIST_FILE = LicensePlist.xcodeproj/LoggerAPI_Info.plist;
				LD_RUNPATH_SEARCH_PATHS = "$(TOOLCHAIN_DIR)/usr/lib/swift/macosx";
				OTHER_LDFLAGS = "$(inherited)";
				OTHER_SWIFT_FLAGS = "$(inherited)";
				PRODUCT_BUNDLE_IDENTIFIER = LoggerAPI;
				PRODUCT_MODULE_NAME = "$(TARGET_NAME:c99extidentifier)";
				PRODUCT_NAME = "$(TARGET_NAME:c99extidentifier)";
				SKIP_INSTALL = YES;
				TARGET_NAME = LoggerAPI;
			};
			name = Release;
		};
		OBJ_232 /* Debug */ = {
			isa = XCBuildConfiguration;
			buildSettings = {
				ENABLE_TESTABILITY = YES;
				FRAMEWORK_SEARCH_PATHS = (
					"$(inherited)",
					"$(PLATFORM_DIR)/Developer/Library/Frameworks",
				);
				HEADER_SEARCH_PATHS = "$(inherited)";
				INFOPLIST_FILE = LicensePlist.xcodeproj/HeliumLogger_Info.plist;
				LD_RUNPATH_SEARCH_PATHS = "$(TOOLCHAIN_DIR)/usr/lib/swift/macosx";
				OTHER_LDFLAGS = "$(inherited)";
				OTHER_SWIFT_FLAGS = "$(inherited)";
				PRODUCT_BUNDLE_IDENTIFIER = HeliumLogger;
				PRODUCT_MODULE_NAME = "$(TARGET_NAME:c99extidentifier)";
				PRODUCT_NAME = "$(TARGET_NAME:c99extidentifier)";
				SKIP_INSTALL = YES;
				TARGET_NAME = HeliumLogger;
			};
			name = Debug;
		};
		OBJ_233 /* Release */ = {
			isa = XCBuildConfiguration;
			buildSettings = {
				ENABLE_TESTABILITY = YES;
				FRAMEWORK_SEARCH_PATHS = (
					"$(inherited)",
					"$(PLATFORM_DIR)/Developer/Library/Frameworks",
				);
				HEADER_SEARCH_PATHS = "$(inherited)";
				INFOPLIST_FILE = LicensePlist.xcodeproj/HeliumLogger_Info.plist;
				LD_RUNPATH_SEARCH_PATHS = "$(TOOLCHAIN_DIR)/usr/lib/swift/macosx";
				OTHER_LDFLAGS = "$(inherited)";
				OTHER_SWIFT_FLAGS = "$(inherited)";
				PRODUCT_BUNDLE_IDENTIFIER = HeliumLogger;
				PRODUCT_MODULE_NAME = "$(TARGET_NAME:c99extidentifier)";
				PRODUCT_NAME = "$(TARGET_NAME:c99extidentifier)";
				SKIP_INSTALL = YES;
				TARGET_NAME = HeliumLogger;
			};
			name = Release;
		};
		OBJ_242 /* Debug */ = {
			isa = XCBuildConfiguration;
			buildSettings = {
				ENABLE_TESTABILITY = YES;
				FRAMEWORK_SEARCH_PATHS = (
					"$(inherited)",
					"$(PLATFORM_DIR)/Developer/Library/Frameworks",
				);
				HEADER_SEARCH_PATHS = "$(inherited)";
				INFOPLIST_FILE = LicensePlist.xcodeproj/SWXMLHash_Info.plist;
				LD_RUNPATH_SEARCH_PATHS = "$(TOOLCHAIN_DIR)/usr/lib/swift/macosx";
				OTHER_LDFLAGS = "$(inherited)";
				OTHER_SWIFT_FLAGS = "$(inherited)";
				PRODUCT_BUNDLE_IDENTIFIER = SWXMLHash;
				PRODUCT_MODULE_NAME = "$(TARGET_NAME:c99extidentifier)";
				PRODUCT_NAME = "$(TARGET_NAME:c99extidentifier)";
				SKIP_INSTALL = YES;
				TARGET_NAME = SWXMLHash;
			};
			name = Debug;
		};
		OBJ_243 /* Release */ = {
			isa = XCBuildConfiguration;
			buildSettings = {
				ENABLE_TESTABILITY = YES;
				FRAMEWORK_SEARCH_PATHS = (
					"$(inherited)",
					"$(PLATFORM_DIR)/Developer/Library/Frameworks",
				);
				HEADER_SEARCH_PATHS = "$(inherited)";
				INFOPLIST_FILE = LicensePlist.xcodeproj/SWXMLHash_Info.plist;
				LD_RUNPATH_SEARCH_PATHS = "$(TOOLCHAIN_DIR)/usr/lib/swift/macosx";
				OTHER_LDFLAGS = "$(inherited)";
				OTHER_SWIFT_FLAGS = "$(inherited)";
				PRODUCT_BUNDLE_IDENTIFIER = SWXMLHash;
				PRODUCT_MODULE_NAME = "$(TARGET_NAME:c99extidentifier)";
				PRODUCT_NAME = "$(TARGET_NAME:c99extidentifier)";
				SKIP_INSTALL = YES;
				TARGET_NAME = SWXMLHash;
			};
			name = Release;
		};
		OBJ_250 /* Debug */ = {
			isa = XCBuildConfiguration;
			buildSettings = {
				FRAMEWORK_SEARCH_PATHS = (
					"$(inherited)",
					"$(PLATFORM_DIR)/Developer/Library/Frameworks",
				);
				HEADER_SEARCH_PATHS = "$(inherited)";
				INFOPLIST_FILE = LicensePlist.xcodeproj/LicensePlist_Info.plist;
				LD_RUNPATH_SEARCH_PATHS = "$(TOOLCHAIN_DIR)/usr/lib/swift/macosx @executable_path";
				OTHER_LDFLAGS = "$(inherited)";
				OTHER_SWIFT_FLAGS = "$(inherited)";
				SWIFT_FORCE_DYNAMIC_LINK_STDLIB = YES;
				SWIFT_FORCE_STATIC_LINK_STDLIB = NO;
				TARGET_NAME = LicensePlist;
			};
			name = Debug;
		};
		OBJ_251 /* Release */ = {
			isa = XCBuildConfiguration;
			buildSettings = {
				FRAMEWORK_SEARCH_PATHS = (
					"$(inherited)",
					"$(PLATFORM_DIR)/Developer/Library/Frameworks",
				);
				HEADER_SEARCH_PATHS = "$(inherited)";
				INFOPLIST_FILE = LicensePlist.xcodeproj/LicensePlist_Info.plist;
				LD_RUNPATH_SEARCH_PATHS = "$(TOOLCHAIN_DIR)/usr/lib/swift/macosx @executable_path";
				OTHER_LDFLAGS = "$(inherited)";
				OTHER_SWIFT_FLAGS = "$(inherited)";
				SWIFT_FORCE_DYNAMIC_LINK_STDLIB = YES;
				SWIFT_FORCE_STATIC_LINK_STDLIB = NO;
				TARGET_NAME = LicensePlist;
			};
			name = Release;
		};
		OBJ_275 /* Debug */ = {
			isa = XCBuildConfiguration;
			buildSettings = {
				ENABLE_TESTABILITY = YES;
				FRAMEWORK_SEARCH_PATHS = (
					"$(inherited)",
					"$(PLATFORM_DIR)/Developer/Library/Frameworks",
				);
				HEADER_SEARCH_PATHS = "$(inherited)";
				INFOPLIST_FILE = LicensePlist.xcodeproj/LicensePlistCore_Info.plist;
				LD_RUNPATH_SEARCH_PATHS = "$(TOOLCHAIN_DIR)/usr/lib/swift/macosx";
				OTHER_LDFLAGS = "$(inherited)";
				OTHER_SWIFT_FLAGS = "$(inherited)";
				PRODUCT_BUNDLE_IDENTIFIER = LicensePlistCore;
				PRODUCT_MODULE_NAME = "$(TARGET_NAME:c99extidentifier)";
				PRODUCT_NAME = "$(TARGET_NAME:c99extidentifier)";
				SKIP_INSTALL = YES;
				TARGET_NAME = LicensePlistCore;
			};
			name = Debug;
		};
		OBJ_276 /* Release */ = {
			isa = XCBuildConfiguration;
			buildSettings = {
				ENABLE_TESTABILITY = YES;
				FRAMEWORK_SEARCH_PATHS = (
					"$(inherited)",
					"$(PLATFORM_DIR)/Developer/Library/Frameworks",
				);
				HEADER_SEARCH_PATHS = "$(inherited)";
				INFOPLIST_FILE = LicensePlist.xcodeproj/LicensePlistCore_Info.plist;
				LD_RUNPATH_SEARCH_PATHS = "$(TOOLCHAIN_DIR)/usr/lib/swift/macosx";
				OTHER_LDFLAGS = "$(inherited)";
				OTHER_SWIFT_FLAGS = "$(inherited)";
				PRODUCT_BUNDLE_IDENTIFIER = LicensePlistCore;
				PRODUCT_MODULE_NAME = "$(TARGET_NAME:c99extidentifier)";
				PRODUCT_NAME = "$(TARGET_NAME:c99extidentifier)";
				SKIP_INSTALL = YES;
				TARGET_NAME = LicensePlistCore;
			};
			name = Release;
		};
		OBJ_3 /* Debug */ = {
			isa = XCBuildConfiguration;
			buildSettings = {
				CLANG_ENABLE_OBJC_ARC = YES;
				COMBINE_HIDPI_IMAGES = YES;
				COPY_PHASE_STRIP = NO;
				DEBUG_INFORMATION_FORMAT = dwarf;
				DYLIB_INSTALL_NAME_BASE = "@rpath";
				ENABLE_NS_ASSERTIONS = YES;
				GCC_OPTIMIZATION_LEVEL = 0;
				MACOSX_DEPLOYMENT_TARGET = 10.10;
				ONLY_ACTIVE_ARCH = YES;
				OTHER_SWIFT_FLAGS = "-DXcode";
				PRODUCT_NAME = "$(TARGET_NAME)";
				SDKROOT = macosx;
				SUPPORTED_PLATFORMS = "macosx iphoneos iphonesimulator appletvos appletvsimulator watchos watchsimulator";
				SWIFT_ACTIVE_COMPILATION_CONDITIONS = SWIFT_PACKAGE;
				SWIFT_OPTIMIZATION_LEVEL = "-Onone";
				SWIFT_VERSION = 3.0;
				USE_HEADERMAP = NO;
			};
			name = Debug;
		};
		OBJ_316 /* Debug */ = {
			isa = XCBuildConfiguration;
			buildSettings = {
				EMBEDDED_CONTENT_CONTAINS_SWIFT = YES;
				FRAMEWORK_SEARCH_PATHS = (
					"$(inherited)",
					"$(PLATFORM_DIR)/Developer/Library/Frameworks",
				);
				HEADER_SEARCH_PATHS = "$(inherited)";
				INFOPLIST_FILE = LicensePlist.xcodeproj/LicensePlistTests_Info.plist;
				LD_RUNPATH_SEARCH_PATHS = "@loader_path/../Frameworks @loader_path/Frameworks";
				OTHER_LDFLAGS = "$(inherited)";
				OTHER_SWIFT_FLAGS = "$(inherited)";
				TARGET_NAME = LicensePlistTests;
			};
			name = Debug;
		};
		OBJ_317 /* Release */ = {
			isa = XCBuildConfiguration;
			buildSettings = {
				EMBEDDED_CONTENT_CONTAINS_SWIFT = YES;
				FRAMEWORK_SEARCH_PATHS = (
					"$(inherited)",
					"$(PLATFORM_DIR)/Developer/Library/Frameworks",
				);
				HEADER_SEARCH_PATHS = "$(inherited)";
				INFOPLIST_FILE = LicensePlist.xcodeproj/LicensePlistTests_Info.plist;
				LD_RUNPATH_SEARCH_PATHS = "@loader_path/../Frameworks @loader_path/Frameworks";
				OTHER_LDFLAGS = "$(inherited)";
				OTHER_SWIFT_FLAGS = "$(inherited)";
				TARGET_NAME = LicensePlistTests;
			};
			name = Release;
		};
		OBJ_4 /* Release */ = {
			isa = XCBuildConfiguration;
			buildSettings = {
				CLANG_ENABLE_OBJC_ARC = YES;
				COMBINE_HIDPI_IMAGES = YES;
				COPY_PHASE_STRIP = YES;
				DEBUG_INFORMATION_FORMAT = "dwarf-with-dsym";
				DYLIB_INSTALL_NAME_BASE = "@rpath";
				GCC_OPTIMIZATION_LEVEL = s;
				MACOSX_DEPLOYMENT_TARGET = 10.10;
				OTHER_SWIFT_FLAGS = "-DXcode";
				PRODUCT_NAME = "$(TARGET_NAME)";
				SDKROOT = macosx;
				SUPPORTED_PLATFORMS = "macosx iphoneos iphonesimulator appletvos appletvsimulator watchos watchsimulator";
				SWIFT_ACTIVE_COMPILATION_CONDITIONS = SWIFT_PACKAGE;
				SWIFT_OPTIMIZATION_LEVEL = "-Owholemodule";
				SWIFT_VERSION = 3.0;
				USE_HEADERMAP = NO;
			};
			name = Release;
		};
/* End XCBuildConfiguration section */

/* Begin XCConfigurationList section */
		OBJ_138 /* Build configuration list for PBXNativeTarget "Spectre" */ = {
			isa = XCConfigurationList;
			buildConfigurations = (
				OBJ_139 /* Debug */,
				OBJ_140 /* Release */,
			);
			defaultConfigurationIsVisible = 0;
			defaultConfigurationName = Debug;
		};
		OBJ_152 /* Build configuration list for PBXNativeTarget "Commander" */ = {
			isa = XCConfigurationList;
			buildConfigurations = (
				OBJ_153 /* Debug */,
				OBJ_154 /* Release */,
			);
			defaultConfigurationIsVisible = 0;
			defaultConfigurationName = Debug;
		};
		OBJ_169 /* Build configuration list for PBXNativeTarget "Himotoki" */ = {
			isa = XCConfigurationList;
			buildConfigurations = (
				OBJ_170 /* Debug */,
				OBJ_171 /* Release */,
			);
			defaultConfigurationIsVisible = 0;
			defaultConfigurationName = Debug;
		};
		OBJ_186 /* Build configuration list for PBXNativeTarget "Result" */ = {
			isa = XCConfigurationList;
			buildConfigurations = (
				OBJ_187 /* Debug */,
				OBJ_188 /* Release */,
			);
			defaultConfigurationIsVisible = 0;
			defaultConfigurationName = Debug;
		};
		OBJ_194 /* Build configuration list for PBXNativeTarget "APIKit" */ = {
			isa = XCConfigurationList;
			buildConfigurations = (
				OBJ_195 /* Debug */,
				OBJ_196 /* Release */,
			);
			defaultConfigurationIsVisible = 0;
			defaultConfigurationName = Debug;
		};
		OBJ_2 /* Build configuration list for PBXProject "LicensePlist" */ = {
			isa = XCConfigurationList;
			buildConfigurations = (
				OBJ_3 /* Debug */,
				OBJ_4 /* Release */,
			);
			defaultConfigurationIsVisible = 0;
			defaultConfigurationName = Debug;
		};
		OBJ_224 /* Build configuration list for PBXNativeTarget "LoggerAPI" */ = {
			isa = XCConfigurationList;
			buildConfigurations = (
				OBJ_225 /* Debug */,
				OBJ_226 /* Release */,
			);
			defaultConfigurationIsVisible = 0;
			defaultConfigurationName = Debug;
		};
		OBJ_231 /* Build configuration list for PBXNativeTarget "HeliumLogger" */ = {
			isa = XCConfigurationList;
			buildConfigurations = (
				OBJ_232 /* Debug */,
				OBJ_233 /* Release */,
			);
			defaultConfigurationIsVisible = 0;
			defaultConfigurationName = Debug;
		};
		OBJ_241 /* Build configuration list for PBXNativeTarget "SWXMLHash" */ = {
			isa = XCConfigurationList;
			buildConfigurations = (
				OBJ_242 /* Debug */,
				OBJ_243 /* Release */,
			);
			defaultConfigurationIsVisible = 0;
			defaultConfigurationName = Debug;
		};
		OBJ_249 /* Build configuration list for PBXNativeTarget "LicensePlist" */ = {
			isa = XCConfigurationList;
			buildConfigurations = (
				OBJ_250 /* Debug */,
				OBJ_251 /* Release */,
			);
			defaultConfigurationIsVisible = 0;
			defaultConfigurationName = Debug;
		};
		OBJ_274 /* Build configuration list for PBXNativeTarget "LicensePlistCore" */ = {
			isa = XCConfigurationList;
			buildConfigurations = (
				OBJ_275 /* Debug */,
				OBJ_276 /* Release */,
			);
			defaultConfigurationIsVisible = 0;
			defaultConfigurationName = Debug;
		};
		OBJ_315 /* Build configuration list for PBXNativeTarget "LicensePlistTests" */ = {
			isa = XCConfigurationList;
			buildConfigurations = (
				OBJ_316 /* Debug */,
				OBJ_317 /* Release */,
			);
			defaultConfigurationIsVisible = 0;
			defaultConfigurationName = Debug;
		};
/* End XCConfigurationList section */
	};
	rootObject = OBJ_1 /* Project object */;
}
